// !$*UTF8*$!
{
	archiveVersion = 1;
	classes = {
	};
	objectVersion = 52;
	objects = {

/* Begin PBXBuildFile section */
		2833B1491DF4A0E3005F05F2 /* Assets.xcassets in Resources */ = {isa = PBXBuildFile; fileRef = 2833B1481DF4A0E3005F05F2 /* Assets.xcassets */; };
		2833B1501DF4A0E4005F05F2 /* MessagesExtension.appex in Embed App Extensions */ = {isa = PBXBuildFile; fileRef = 2833B14F1DF4A0E4005F05F2 /* MessagesExtension.appex */; settings = {ATTRIBUTES = (RemoveHeadersOnCopy, ); }; };
		2833B1551DF4A0E4005F05F2 /* Messages.framework in Frameworks */ = {isa = PBXBuildFile; fileRef = 2833B1541DF4A0E4005F05F2 /* Messages.framework */; };
		2833B1591DF4A0E4005F05F2 /* MessagesViewController.m in Sources */ = {isa = PBXBuildFile; fileRef = 2833B1581DF4A0E4005F05F2 /* MessagesViewController.m */; };
		2833B15C1DF4A0E4005F05F2 /* MainInterface.storyboard in Resources */ = {isa = PBXBuildFile; fileRef = 2833B15A1DF4A0E4005F05F2 /* MainInterface.storyboard */; };
		2833B15E1DF4A0E4005F05F2 /* Assets.xcassets in Resources */ = {isa = PBXBuildFile; fileRef = 2833B15D1DF4A0E4005F05F2 /* Assets.xcassets */; };
		2833B16B1DF4A277005F05F2 /* FluffcornStickerBrowserViewController.m in Sources */ = {isa = PBXBuildFile; fileRef = 2833B16A1DF4A277005F05F2 /* FluffcornStickerBrowserViewController.m */; };
		2833B1791DF4AC8F005F05F2 /* stickerPacks.json in Resources */ = {isa = PBXBuildFile; fileRef = 2833B1781DF4AC8F005F05F2 /* stickerPacks.json */; };
		2833B1861DF4AE7F005F05F2 /* tg_1.png in Resources */ = {isa = PBXBuildFile; fileRef = 2833B17A1DF4AE7F005F05F2 /* tg_1.png */; };
		2833B1871DF4AE7F005F05F2 /* tg_2.png in Resources */ = {isa = PBXBuildFile; fileRef = 2833B17B1DF4AE7F005F05F2 /* tg_2.png */; };
		2833B1881DF4AE7F005F05F2 /* tg_3.png in Resources */ = {isa = PBXBuildFile; fileRef = 2833B17C1DF4AE7F005F05F2 /* tg_3.png */; };
		2833B1891DF4AE7F005F05F2 /* tg_4.png in Resources */ = {isa = PBXBuildFile; fileRef = 2833B17D1DF4AE7F005F05F2 /* tg_4.png */; };
		2833B18A1DF4AE7F005F05F2 /* tg_5.png in Resources */ = {isa = PBXBuildFile; fileRef = 2833B17E1DF4AE7F005F05F2 /* tg_5.png */; };
		2833B18B1DF4AE7F005F05F2 /* tg_6.png in Resources */ = {isa = PBXBuildFile; fileRef = 2833B17F1DF4AE7F005F05F2 /* tg_6.png */; };
		2833B18C1DF4AE7F005F05F2 /* wt_1.png in Resources */ = {isa = PBXBuildFile; fileRef = 2833B1801DF4AE7F005F05F2 /* wt_1.png */; };
		2833B18D1DF4AE7F005F05F2 /* wt_2.png in Resources */ = {isa = PBXBuildFile; fileRef = 2833B1811DF4AE7F005F05F2 /* wt_2.png */; };
		2833B18E1DF4AE7F005F05F2 /* wt_3.png in Resources */ = {isa = PBXBuildFile; fileRef = 2833B1821DF4AE7F005F05F2 /* wt_3.png */; };
		2833B18F1DF4AE7F005F05F2 /* wt_4.png in Resources */ = {isa = PBXBuildFile; fileRef = 2833B1831DF4AE7F005F05F2 /* wt_4.png */; };
		2833B1901DF4AE7F005F05F2 /* wt_5.png in Resources */ = {isa = PBXBuildFile; fileRef = 2833B1841DF4AE7F005F05F2 /* wt_5.png */; };
		2833B1911DF4AE7F005F05F2 /* wt_6.png in Resources */ = {isa = PBXBuildFile; fileRef = 2833B1851DF4AE7F005F05F2 /* wt_6.png */; };
		2833B1961DF4C0E0005F05F2 /* StickerPackInfo.m in Sources */ = {isa = PBXBuildFile; fileRef = 2833B1951DF4C0E0005F05F2 /* StickerPackInfo.m */; };
		2833B1BF1DF5079D005F05F2 /* fc_1.png in Resources */ = {isa = PBXBuildFile; fileRef = 2833B1B31DF5079D005F05F2 /* fc_1.png */; };
		2833B1C01DF5079D005F05F2 /* fc_2.png in Resources */ = {isa = PBXBuildFile; fileRef = 2833B1B41DF5079D005F05F2 /* fc_2.png */; };
		2833B1C11DF5079D005F05F2 /* fc_3.png in Resources */ = {isa = PBXBuildFile; fileRef = 2833B1B51DF5079D005F05F2 /* fc_3.png */; };
		2833B1C21DF5079D005F05F2 /* fc_4.png in Resources */ = {isa = PBXBuildFile; fileRef = 2833B1B61DF5079D005F05F2 /* fc_4.png */; };
		2833B1C31DF5079D005F05F2 /* fc_5.png in Resources */ = {isa = PBXBuildFile; fileRef = 2833B1B71DF5079D005F05F2 /* fc_5.png */; };
		2833B1C41DF5079D005F05F2 /* fc_6.png in Resources */ = {isa = PBXBuildFile; fileRef = 2833B1B81DF5079D005F05F2 /* fc_6.png */; };
		2833B1C51DF5079D005F05F2 /* fc_7.png in Resources */ = {isa = PBXBuildFile; fileRef = 2833B1B91DF5079D005F05F2 /* fc_7.png */; };
		2833B1C61DF5079D005F05F2 /* fc_8.png in Resources */ = {isa = PBXBuildFile; fileRef = 2833B1BA1DF5079D005F05F2 /* fc_8.png */; };
		2833B1C71DF5079D005F05F2 /* fc_9.png in Resources */ = {isa = PBXBuildFile; fileRef = 2833B1BB1DF5079D005F05F2 /* fc_9.png */; };
		2833B1C81DF5079D005F05F2 /* fc_10.png in Resources */ = {isa = PBXBuildFile; fileRef = 2833B1BC1DF5079D005F05F2 /* fc_10.png */; };
		2833B1C91DF5079D005F05F2 /* fc_11.png in Resources */ = {isa = PBXBuildFile; fileRef = 2833B1BD1DF5079D005F05F2 /* fc_11.png */; };
		2833B1CA1DF5079D005F05F2 /* fc_12.png in Resources */ = {isa = PBXBuildFile; fileRef = 2833B1BE1DF5079D005F05F2 /* fc_12.png */; };
		28544FED244F3EC800C0ECED /* FirebaseCore.xcframework in Frameworks */ = {isa = PBXBuildFile; fileRef = 28544FE2244F3EC700C0ECED /* FirebaseCore.xcframework */; };
		28544FEE244F3EC800C0ECED /* FirebaseInstallations.xcframework in Frameworks */ = {isa = PBXBuildFile; fileRef = 28544FE3244F3EC700C0ECED /* FirebaseInstallations.xcframework */; };
		28544FEF244F3EC800C0ECED /* GoogleDataTransport.xcframework in Frameworks */ = {isa = PBXBuildFile; fileRef = 28544FE4244F3EC700C0ECED /* GoogleDataTransport.xcframework */; };
		28544FF0244F3EC800C0ECED /* FirebaseCoreDiagnostics.xcframework in Frameworks */ = {isa = PBXBuildFile; fileRef = 28544FE5244F3EC700C0ECED /* FirebaseCoreDiagnostics.xcframework */; };
		28544FF1244F3EC800C0ECED /* PromisesObjC.xcframework in Frameworks */ = {isa = PBXBuildFile; fileRef = 28544FE6244F3EC700C0ECED /* PromisesObjC.xcframework */; };
		28544FF2244F3EC800C0ECED /* GoogleAppMeasurement.framework in Frameworks */ = {isa = PBXBuildFile; fileRef = 28544FE7244F3EC700C0ECED /* GoogleAppMeasurement.framework */; };
		28544FF3244F3EC800C0ECED /* FirebaseAnalytics.framework in Frameworks */ = {isa = PBXBuildFile; fileRef = 28544FE8244F3EC700C0ECED /* FirebaseAnalytics.framework */; };
		28544FF4244F3EC800C0ECED /* GoogleDataTransportCCTSupport.xcframework in Frameworks */ = {isa = PBXBuildFile; fileRef = 28544FE9244F3EC700C0ECED /* GoogleDataTransportCCTSupport.xcframework */; };
		28544FF5244F3EC800C0ECED /* GoogleUtilities.xcframework in Frameworks */ = {isa = PBXBuildFile; fileRef = 28544FEA244F3EC700C0ECED /* GoogleUtilities.xcframework */; };
		28544FF6244F3EC800C0ECED /* nanopb.xcframework in Frameworks */ = {isa = PBXBuildFile; fileRef = 28544FEB244F3EC800C0ECED /* nanopb.xcframework */; };
		28544FF7244F3EC800C0ECED /* FIRAnalyticsConnector.framework in Frameworks */ = {isa = PBXBuildFile; fileRef = 28544FEC244F3EC800C0ECED /* FIRAnalyticsConnector.framework */; };
		28544FF9244F3ED200C0ECED /* FirebaseCrashlytics.xcframework in Frameworks */ = {isa = PBXBuildFile; fileRef = 28544FF8244F3ED200C0ECED /* FirebaseCrashlytics.xcframework */; };
		28545001244F3EE000C0ECED /* FirebasePerformance.framework in Frameworks */ = {isa = PBXBuildFile; fileRef = 28544FFA244F3EE000C0ECED /* FirebasePerformance.framework */; };
		28545002244F3EE000C0ECED /* Protobuf.xcframework in Frameworks */ = {isa = PBXBuildFile; fileRef = 28544FFB244F3EE000C0ECED /* Protobuf.xcframework */; };
		28545003244F3EE000C0ECED /* FirebaseABTesting.xcframework in Frameworks */ = {isa = PBXBuildFile; fileRef = 28544FFC244F3EE000C0ECED /* FirebaseABTesting.xcframework */; };
		28545004244F3EE000C0ECED /* GoogleToolboxForMac.xcframework in Frameworks */ = {isa = PBXBuildFile; fileRef = 28544FFD244F3EE000C0ECED /* GoogleToolboxForMac.xcframework */; };
		28545005244F3EE000C0ECED /* FirebaseRemoteConfig.xcframework in Frameworks */ = {isa = PBXBuildFile; fileRef = 28544FFE244F3EE000C0ECED /* FirebaseRemoteConfig.xcframework */; };
		28545006244F3EE000C0ECED /* FirebaseInstanceID.xcframework in Frameworks */ = {isa = PBXBuildFile; fileRef = 28544FFF244F3EE000C0ECED /* FirebaseInstanceID.xcframework */; };
		28545007244F3EE000C0ECED /* GTMSessionFetcher.xcframework in Frameworks */ = {isa = PBXBuildFile; fileRef = 28545000244F3EE000C0ECED /* GTMSessionFetcher.xcframework */; };
		28545009244F51D200C0ECED /* localization-notes.txt in Resources */ = {isa = PBXBuildFile; fileRef = 28545008244F51D200C0ECED /* localization-notes.txt */; };
		2854500A244F51D200C0ECED /* localization-notes.txt in Resources */ = {isa = PBXBuildFile; fileRef = 28545008244F51D200C0ECED /* localization-notes.txt */; };
		2854500F244F544100C0ECED /* Localizable.strings in Resources */ = {isa = PBXBuildFile; fileRef = 2854500D244F544000C0ECED /* Localizable.strings */; };
		28545010244F544100C0ECED /* Localizable.strings in Resources */ = {isa = PBXBuildFile; fileRef = 2854500D244F544000C0ECED /* Localizable.strings */; };
		28545012244F634800C0ECED /* GoogleService-Info.plist in Resources */ = {isa = PBXBuildFile; fileRef = 28545011244F634800C0ECED /* GoogleService-Info.plist */; };
		28545013244F634800C0ECED /* GoogleService-Info.plist in Resources */ = {isa = PBXBuildFile; fileRef = 28545011244F634800C0ECED /* GoogleService-Info.plist */; };
		28545018244F7ED700C0ECED /* wa_fluffcorn2.txt in Resources */ = {isa = PBXBuildFile; fileRef = 28545017244F7ED700C0ECED /* wa_fluffcorn2.txt */; };
		28545019244F7ED700C0ECED /* wa_fluffcorn2.txt in Resources */ = {isa = PBXBuildFile; fileRef = 28545017244F7ED700C0ECED /* wa_fluffcorn2.txt */; };
		289208F723288C25005AC554 /* Colors.xcassets in Resources */ = {isa = PBXBuildFile; fileRef = 289208F623288C25005AC554 /* Colors.xcassets */; };
		289D4958244FCEB300448FEC /* hm_5.png in Resources */ = {isa = PBXBuildFile; fileRef = 289D494F244FCEB200448FEC /* hm_5.png */; };
		289D4959244FCEB300448FEC /* hm_5.png in Resources */ = {isa = PBXBuildFile; fileRef = 289D494F244FCEB200448FEC /* hm_5.png */; };
		289D495A244FCEB300448FEC /* hm_3.png in Resources */ = {isa = PBXBuildFile; fileRef = 289D4950244FCEB200448FEC /* hm_3.png */; };
		289D495B244FCEB300448FEC /* hm_3.png in Resources */ = {isa = PBXBuildFile; fileRef = 289D4950244FCEB200448FEC /* hm_3.png */; };
		289D495C244FCEB300448FEC /* hm_6.png in Resources */ = {isa = PBXBuildFile; fileRef = 289D4951244FCEB200448FEC /* hm_6.png */; };
		289D495D244FCEB300448FEC /* hm_6.png in Resources */ = {isa = PBXBuildFile; fileRef = 289D4951244FCEB200448FEC /* hm_6.png */; };
		289D495E244FCEB300448FEC /* hm_1.png in Resources */ = {isa = PBXBuildFile; fileRef = 289D4952244FCEB200448FEC /* hm_1.png */; };
		289D495F244FCEB300448FEC /* hm_1.png in Resources */ = {isa = PBXBuildFile; fileRef = 289D4952244FCEB200448FEC /* hm_1.png */; };
		289D4960244FCEB300448FEC /* hm_2.png in Resources */ = {isa = PBXBuildFile; fileRef = 289D4953244FCEB200448FEC /* hm_2.png */; };
		289D4961244FCEB300448FEC /* hm_2.png in Resources */ = {isa = PBXBuildFile; fileRef = 289D4953244FCEB200448FEC /* hm_2.png */; };
		289D4962244FCEB300448FEC /* hm_8.png in Resources */ = {isa = PBXBuildFile; fileRef = 289D4954244FCEB200448FEC /* hm_8.png */; };
		289D4963244FCEB300448FEC /* hm_8.png in Resources */ = {isa = PBXBuildFile; fileRef = 289D4954244FCEB200448FEC /* hm_8.png */; };
		289D4964244FCEB300448FEC /* hm_9.png in Resources */ = {isa = PBXBuildFile; fileRef = 289D4955244FCEB300448FEC /* hm_9.png */; };
		289D4965244FCEB300448FEC /* hm_9.png in Resources */ = {isa = PBXBuildFile; fileRef = 289D4955244FCEB300448FEC /* hm_9.png */; };
		289D4966244FCEB300448FEC /* hm_4.png in Resources */ = {isa = PBXBuildFile; fileRef = 289D4956244FCEB300448FEC /* hm_4.png */; };
		289D4967244FCEB300448FEC /* hm_4.png in Resources */ = {isa = PBXBuildFile; fileRef = 289D4956244FCEB300448FEC /* hm_4.png */; };
		289D4968244FCEB300448FEC /* hm_7.png in Resources */ = {isa = PBXBuildFile; fileRef = 289D4957244FCEB300448FEC /* hm_7.png */; };
		289D4969244FCEB300448FEC /* hm_7.png in Resources */ = {isa = PBXBuildFile; fileRef = 289D4957244FCEB300448FEC /* hm_7.png */; };
		28AE8DD51DFD1BBD002CB4A3 /* FeedbackTextFieldDelegate.m in Sources */ = {isa = PBXBuildFile; fileRef = 28AE8DD41DFD1BBD002CB4A3 /* FeedbackTextFieldDelegate.m */; };
		28AE8DD81DFDA422002CB4A3 /* about.txt in Resources */ = {isa = PBXBuildFile; fileRef = 28AE8DD71DFDA422002CB4A3 /* about.txt */; };
		28AE8DDA1DFDA4E7002CB4A3 /* openSourceCredit.txt in Resources */ = {isa = PBXBuildFile; fileRef = 28AE8DD91DFDA4E7002CB4A3 /* openSourceCredit.txt */; };
		28C8E0E41DFB93C200769784 /* newPacks.json in Resources */ = {isa = PBXBuildFile; fileRef = 28C8E0E31DFB93C200769784 /* newPacks.json */; };
		AE422F7A1F0CC7540042A8F0 /* sm_1.png in Resources */ = {isa = PBXBuildFile; fileRef = AE422F771F0CC7540042A8F0 /* sm_1.png */; };
		AE422F7B1F0CC7540042A8F0 /* sm_2.png in Resources */ = {isa = PBXBuildFile; fileRef = AE422F781F0CC7540042A8F0 /* sm_2.png */; };
		AE422F7C1F0CC7540042A8F0 /* sm_3.png in Resources */ = {isa = PBXBuildFile; fileRef = AE422F791F0CC7540042A8F0 /* sm_3.png */; };
		AE4915751E9A2B7F00BDEE5E /* ea_1.png in Resources */ = {isa = PBXBuildFile; fileRef = AE4915721E9A2B7F00BDEE5E /* ea_1.png */; };
		AE4915761E9A2B7F00BDEE5E /* ea_2.png in Resources */ = {isa = PBXBuildFile; fileRef = AE4915731E9A2B7F00BDEE5E /* ea_2.png */; };
		AE4915771E9A2B7F00BDEE5E /* ea_3.png in Resources */ = {isa = PBXBuildFile; fileRef = AE4915741E9A2B7F00BDEE5E /* ea_3.png */; };
		AE513BCB1E70D24F005FE8F1 /* sp_1.png in Resources */ = {isa = PBXBuildFile; fileRef = AE513BCA1E70D24F005FE8F1 /* sp_1.png */; };
		AE907E0C1E0DDC6600AB9B33 /* wta_1_anim_opt.png in Resources */ = {isa = PBXBuildFile; fileRef = AE907E0A1E0DDC6600AB9B33 /* wta_1_anim_opt.png */; };
		AE907E0D1E0DDC6600AB9B33 /* wta_2_anim_opt.png in Resources */ = {isa = PBXBuildFile; fileRef = AE907E0B1E0DDC6600AB9B33 /* wta_2_anim_opt.png */; };
		AEA87FFB1E18E368003971B0 /* wta_4_anim_opt.png in Resources */ = {isa = PBXBuildFile; fileRef = AEA87FFA1E18E368003971B0 /* wta_4_anim_opt.png */; };
		AEB9ADE01E4AEA310094EC46 /* vd_1.png in Resources */ = {isa = PBXBuildFile; fileRef = AEB9ADDD1E4AEA310094EC46 /* vd_1.png */; };
		AEB9ADE11E4AEA310094EC46 /* vd_2.png in Resources */ = {isa = PBXBuildFile; fileRef = AEB9ADDE1E4AEA310094EC46 /* vd_2.png */; };
		AEB9ADE21E4AEA310094EC46 /* vd_3.png in Resources */ = {isa = PBXBuildFile; fileRef = AEB9ADDF1E4AEA310094EC46 /* vd_3.png */; };
		AEDC17181E6EC41E0058C844 /* sp_2.png in Resources */ = {isa = PBXBuildFile; fileRef = AEDC17171E6EC41E0058C844 /* sp_2.png */; };
		AEDC171A1E6EC4230058C844 /* sp_3.png in Resources */ = {isa = PBXBuildFile; fileRef = AEDC17191E6EC4230058C844 /* sp_3.png */; };
/* End PBXBuildFile section */

/* Begin PBXContainerItemProxy section */
		2833B1511DF4A0E4005F05F2 /* PBXContainerItemProxy */ = {
			isa = PBXContainerItemProxy;
			containerPortal = 2833B13F1DF4A0E3005F05F2 /* Project object */;
			proxyType = 1;
			remoteGlobalIDString = 2833B14E1DF4A0E4005F05F2;
			remoteInfo = MessagesExtension;
		};
/* End PBXContainerItemProxy section */

/* Begin PBXCopyFilesBuildPhase section */
		2833B1651DF4A0E4005F05F2 /* Embed App Extensions */ = {
			isa = PBXCopyFilesBuildPhase;
			buildActionMask = 2147483647;
			dstPath = "";
			dstSubfolderSpec = 13;
			files = (
				2833B1501DF4A0E4005F05F2 /* MessagesExtension.appex in Embed App Extensions */,
			);
			name = "Embed App Extensions";
			runOnlyForDeploymentPostprocessing = 0;
		};
/* End PBXCopyFilesBuildPhase section */

/* Begin PBXFileReference section */
		2833B1451DF4A0E3005F05F2 /* Fluffcorn.app */ = {isa = PBXFileReference; explicitFileType = wrapper.application; includeInIndex = 0; path = Fluffcorn.app; sourceTree = BUILT_PRODUCTS_DIR; };
		2833B1481DF4A0E3005F05F2 /* Assets.xcassets */ = {isa = PBXFileReference; lastKnownFileType = folder.assetcatalog; path = Assets.xcassets; sourceTree = "<group>"; };
		2833B14A1DF4A0E3005F05F2 /* Info.plist */ = {isa = PBXFileReference; lastKnownFileType = text.plist.xml; path = Info.plist; sourceTree = "<group>"; };
		2833B14F1DF4A0E4005F05F2 /* MessagesExtension.appex */ = {isa = PBXFileReference; explicitFileType = "wrapper.app-extension"; includeInIndex = 0; path = MessagesExtension.appex; sourceTree = BUILT_PRODUCTS_DIR; };
		2833B1541DF4A0E4005F05F2 /* Messages.framework */ = {isa = PBXFileReference; lastKnownFileType = wrapper.framework; name = Messages.framework; path = System/Library/Frameworks/Messages.framework; sourceTree = SDKROOT; };
		2833B1571DF4A0E4005F05F2 /* MessagesViewController.h */ = {isa = PBXFileReference; lastKnownFileType = sourcecode.c.h; path = MessagesViewController.h; sourceTree = "<group>"; };
		2833B1581DF4A0E4005F05F2 /* MessagesViewController.m */ = {isa = PBXFileReference; lastKnownFileType = sourcecode.c.objc; path = MessagesViewController.m; sourceTree = "<group>"; };
		2833B15B1DF4A0E4005F05F2 /* Base */ = {isa = PBXFileReference; lastKnownFileType = file.storyboard; name = Base; path = Base.lproj/MainInterface.storyboard; sourceTree = "<group>"; };
		2833B15D1DF4A0E4005F05F2 /* Assets.xcassets */ = {isa = PBXFileReference; lastKnownFileType = folder.assetcatalog; path = Assets.xcassets; sourceTree = "<group>"; };
		2833B15F1DF4A0E4005F05F2 /* Info.plist */ = {isa = PBXFileReference; lastKnownFileType = text.plist.xml; path = Info.plist; sourceTree = "<group>"; };
		2833B1691DF4A277005F05F2 /* FluffcornStickerBrowserViewController.h */ = {isa = PBXFileReference; fileEncoding = 4; lastKnownFileType = sourcecode.c.h; path = FluffcornStickerBrowserViewController.h; sourceTree = "<group>"; };
		2833B16A1DF4A277005F05F2 /* FluffcornStickerBrowserViewController.m */ = {isa = PBXFileReference; fileEncoding = 4; lastKnownFileType = sourcecode.c.objc; path = FluffcornStickerBrowserViewController.m; sourceTree = "<group>"; };
		2833B1781DF4AC8F005F05F2 /* stickerPacks.json */ = {isa = PBXFileReference; fileEncoding = 4; lastKnownFileType = text.json; path = stickerPacks.json; sourceTree = "<group>"; };
		2833B17A1DF4AE7F005F05F2 /* tg_1.png */ = {isa = PBXFileReference; lastKnownFileType = image.png; path = tg_1.png; sourceTree = "<group>"; };
		2833B17B1DF4AE7F005F05F2 /* tg_2.png */ = {isa = PBXFileReference; lastKnownFileType = image.png; path = tg_2.png; sourceTree = "<group>"; };
		2833B17C1DF4AE7F005F05F2 /* tg_3.png */ = {isa = PBXFileReference; lastKnownFileType = image.png; path = tg_3.png; sourceTree = "<group>"; };
		2833B17D1DF4AE7F005F05F2 /* tg_4.png */ = {isa = PBXFileReference; lastKnownFileType = image.png; path = tg_4.png; sourceTree = "<group>"; };
		2833B17E1DF4AE7F005F05F2 /* tg_5.png */ = {isa = PBXFileReference; lastKnownFileType = image.png; path = tg_5.png; sourceTree = "<group>"; };
		2833B17F1DF4AE7F005F05F2 /* tg_6.png */ = {isa = PBXFileReference; lastKnownFileType = image.png; path = tg_6.png; sourceTree = "<group>"; };
		2833B1801DF4AE7F005F05F2 /* wt_1.png */ = {isa = PBXFileReference; lastKnownFileType = image.png; path = wt_1.png; sourceTree = "<group>"; };
		2833B1811DF4AE7F005F05F2 /* wt_2.png */ = {isa = PBXFileReference; lastKnownFileType = image.png; path = wt_2.png; sourceTree = "<group>"; };
		2833B1821DF4AE7F005F05F2 /* wt_3.png */ = {isa = PBXFileReference; lastKnownFileType = image.png; path = wt_3.png; sourceTree = "<group>"; };
		2833B1831DF4AE7F005F05F2 /* wt_4.png */ = {isa = PBXFileReference; lastKnownFileType = image.png; path = wt_4.png; sourceTree = "<group>"; };
		2833B1841DF4AE7F005F05F2 /* wt_5.png */ = {isa = PBXFileReference; lastKnownFileType = image.png; path = wt_5.png; sourceTree = "<group>"; };
		2833B1851DF4AE7F005F05F2 /* wt_6.png */ = {isa = PBXFileReference; lastKnownFileType = image.png; path = wt_6.png; sourceTree = "<group>"; };
		2833B1941DF4C0E0005F05F2 /* StickerPackInfo.h */ = {isa = PBXFileReference; fileEncoding = 4; lastKnownFileType = sourcecode.c.h; path = StickerPackInfo.h; sourceTree = "<group>"; };
		2833B1951DF4C0E0005F05F2 /* StickerPackInfo.m */ = {isa = PBXFileReference; fileEncoding = 4; lastKnownFileType = sourcecode.c.objc; path = StickerPackInfo.m; sourceTree = "<group>"; };
		2833B1B31DF5079D005F05F2 /* fc_1.png */ = {isa = PBXFileReference; lastKnownFileType = image.png; path = fc_1.png; sourceTree = "<group>"; };
		2833B1B41DF5079D005F05F2 /* fc_2.png */ = {isa = PBXFileReference; lastKnownFileType = image.png; path = fc_2.png; sourceTree = "<group>"; };
		2833B1B51DF5079D005F05F2 /* fc_3.png */ = {isa = PBXFileReference; lastKnownFileType = image.png; path = fc_3.png; sourceTree = "<group>"; };
		2833B1B61DF5079D005F05F2 /* fc_4.png */ = {isa = PBXFileReference; lastKnownFileType = image.png; path = fc_4.png; sourceTree = "<group>"; };
		2833B1B71DF5079D005F05F2 /* fc_5.png */ = {isa = PBXFileReference; lastKnownFileType = image.png; path = fc_5.png; sourceTree = "<group>"; };
		2833B1B81DF5079D005F05F2 /* fc_6.png */ = {isa = PBXFileReference; lastKnownFileType = image.png; path = fc_6.png; sourceTree = "<group>"; };
		2833B1B91DF5079D005F05F2 /* fc_7.png */ = {isa = PBXFileReference; lastKnownFileType = image.png; path = fc_7.png; sourceTree = "<group>"; };
		2833B1BA1DF5079D005F05F2 /* fc_8.png */ = {isa = PBXFileReference; lastKnownFileType = image.png; path = fc_8.png; sourceTree = "<group>"; };
		2833B1BB1DF5079D005F05F2 /* fc_9.png */ = {isa = PBXFileReference; lastKnownFileType = image.png; path = fc_9.png; sourceTree = "<group>"; };
		2833B1BC1DF5079D005F05F2 /* fc_10.png */ = {isa = PBXFileReference; lastKnownFileType = image.png; path = fc_10.png; sourceTree = "<group>"; };
		2833B1BD1DF5079D005F05F2 /* fc_11.png */ = {isa = PBXFileReference; lastKnownFileType = image.png; path = fc_11.png; sourceTree = "<group>"; };
		2833B1BE1DF5079D005F05F2 /* fc_12.png */ = {isa = PBXFileReference; lastKnownFileType = image.png; path = fc_12.png; sourceTree = "<group>"; };
		28544FE1244F3EB200C0ECED /* Firebase.h */ = {isa = PBXFileReference; fileEncoding = 4; lastKnownFileType = sourcecode.c.h; path = Firebase.h; sourceTree = "<group>"; };
		28544FE2244F3EC700C0ECED /* FirebaseCore.xcframework */ = {isa = PBXFileReference; lastKnownFileType = wrapper.xcframework; path = FirebaseCore.xcframework; sourceTree = "<group>"; };
		28544FE3244F3EC700C0ECED /* FirebaseInstallations.xcframework */ = {isa = PBXFileReference; lastKnownFileType = wrapper.xcframework; path = FirebaseInstallations.xcframework; sourceTree = "<group>"; };
		28544FE4244F3EC700C0ECED /* GoogleDataTransport.xcframework */ = {isa = PBXFileReference; lastKnownFileType = wrapper.xcframework; path = GoogleDataTransport.xcframework; sourceTree = "<group>"; };
		28544FE5244F3EC700C0ECED /* FirebaseCoreDiagnostics.xcframework */ = {isa = PBXFileReference; lastKnownFileType = wrapper.xcframework; path = FirebaseCoreDiagnostics.xcframework; sourceTree = "<group>"; };
		28544FE6244F3EC700C0ECED /* PromisesObjC.xcframework */ = {isa = PBXFileReference; lastKnownFileType = wrapper.xcframework; path = PromisesObjC.xcframework; sourceTree = "<group>"; };
		28544FE7244F3EC700C0ECED /* GoogleAppMeasurement.framework */ = {isa = PBXFileReference; lastKnownFileType = wrapper.framework; path = GoogleAppMeasurement.framework; sourceTree = "<group>"; };
		28544FE8244F3EC700C0ECED /* FirebaseAnalytics.framework */ = {isa = PBXFileReference; lastKnownFileType = wrapper.framework; path = FirebaseAnalytics.framework; sourceTree = "<group>"; };
		28544FE9244F3EC700C0ECED /* GoogleDataTransportCCTSupport.xcframework */ = {isa = PBXFileReference; lastKnownFileType = wrapper.xcframework; path = GoogleDataTransportCCTSupport.xcframework; sourceTree = "<group>"; };
		28544FEA244F3EC700C0ECED /* GoogleUtilities.xcframework */ = {isa = PBXFileReference; lastKnownFileType = wrapper.xcframework; path = GoogleUtilities.xcframework; sourceTree = "<group>"; };
		28544FEB244F3EC800C0ECED /* nanopb.xcframework */ = {isa = PBXFileReference; lastKnownFileType = wrapper.xcframework; path = nanopb.xcframework; sourceTree = "<group>"; };
		28544FEC244F3EC800C0ECED /* FIRAnalyticsConnector.framework */ = {isa = PBXFileReference; lastKnownFileType = wrapper.framework; path = FIRAnalyticsConnector.framework; sourceTree = "<group>"; };
		28544FF8244F3ED200C0ECED /* FirebaseCrashlytics.xcframework */ = {isa = PBXFileReference; lastKnownFileType = wrapper.xcframework; path = FirebaseCrashlytics.xcframework; sourceTree = "<group>"; };
		28544FFA244F3EE000C0ECED /* FirebasePerformance.framework */ = {isa = PBXFileReference; lastKnownFileType = wrapper.framework; path = FirebasePerformance.framework; sourceTree = "<group>"; };
		28544FFB244F3EE000C0ECED /* Protobuf.xcframework */ = {isa = PBXFileReference; lastKnownFileType = wrapper.xcframework; path = Protobuf.xcframework; sourceTree = "<group>"; };
		28544FFC244F3EE000C0ECED /* FirebaseABTesting.xcframework */ = {isa = PBXFileReference; lastKnownFileType = wrapper.xcframework; path = FirebaseABTesting.xcframework; sourceTree = "<group>"; };
		28544FFD244F3EE000C0ECED /* GoogleToolboxForMac.xcframework */ = {isa = PBXFileReference; lastKnownFileType = wrapper.xcframework; path = GoogleToolboxForMac.xcframework; sourceTree = "<group>"; };
		28544FFE244F3EE000C0ECED /* FirebaseRemoteConfig.xcframework */ = {isa = PBXFileReference; lastKnownFileType = wrapper.xcframework; path = FirebaseRemoteConfig.xcframework; sourceTree = "<group>"; };
		28544FFF244F3EE000C0ECED /* FirebaseInstanceID.xcframework */ = {isa = PBXFileReference; lastKnownFileType = wrapper.xcframework; path = FirebaseInstanceID.xcframework; sourceTree = "<group>"; };
		28545000244F3EE000C0ECED /* GTMSessionFetcher.xcframework */ = {isa = PBXFileReference; lastKnownFileType = wrapper.xcframework; path = GTMSessionFetcher.xcframework; sourceTree = "<group>"; };
		28545008244F51D200C0ECED /* localization-notes.txt */ = {isa = PBXFileReference; lastKnownFileType = text; path = "localization-notes.txt"; sourceTree = "<group>"; };
		28545011244F634800C0ECED /* GoogleService-Info.plist */ = {isa = PBXFileReference; fileEncoding = 4; lastKnownFileType = text.plist.xml; path = "GoogleService-Info.plist"; sourceTree = "<group>"; };
		28545015244F65CD00C0ECED /* en */ = {isa = PBXFileReference; lastKnownFileType = text.plist.strings; name = en; path = en.lproj/Localizable.strings; sourceTree = "<group>"; };
		28545017244F7ED700C0ECED /* wa_fluffcorn2.txt */ = {isa = PBXFileReference; fileEncoding = 4; lastKnownFileType = text; path = wa_fluffcorn2.txt; sourceTree = "<group>"; };
		289208F623288C25005AC554 /* Colors.xcassets */ = {isa = PBXFileReference; lastKnownFileType = folder.assetcatalog; path = Colors.xcassets; sourceTree = "<group>"; };
		289D494F244FCEB200448FEC /* hm_5.png */ = {isa = PBXFileReference; lastKnownFileType = image.png; path = hm_5.png; sourceTree = "<group>"; };
		289D4950244FCEB200448FEC /* hm_3.png */ = {isa = PBXFileReference; lastKnownFileType = image.png; path = hm_3.png; sourceTree = "<group>"; };
		289D4951244FCEB200448FEC /* hm_6.png */ = {isa = PBXFileReference; lastKnownFileType = image.png; path = hm_6.png; sourceTree = "<group>"; };
		289D4952244FCEB200448FEC /* hm_1.png */ = {isa = PBXFileReference; lastKnownFileType = image.png; path = hm_1.png; sourceTree = "<group>"; };
		289D4953244FCEB200448FEC /* hm_2.png */ = {isa = PBXFileReference; lastKnownFileType = image.png; path = hm_2.png; sourceTree = "<group>"; };
		289D4954244FCEB200448FEC /* hm_8.png */ = {isa = PBXFileReference; lastKnownFileType = image.png; path = hm_8.png; sourceTree = "<group>"; };
		289D4955244FCEB300448FEC /* hm_9.png */ = {isa = PBXFileReference; lastKnownFileType = image.png; path = hm_9.png; sourceTree = "<group>"; };
		289D4956244FCEB300448FEC /* hm_4.png */ = {isa = PBXFileReference; lastKnownFileType = image.png; path = hm_4.png; sourceTree = "<group>"; };
		289D4957244FCEB300448FEC /* hm_7.png */ = {isa = PBXFileReference; lastKnownFileType = image.png; path = hm_7.png; sourceTree = "<group>"; };
		289D496A244FDA7900448FEC /* zh */ = {isa = PBXFileReference; lastKnownFileType = text.plist.strings; name = zh; path = zh.lproj/Localizable.strings; sourceTree = "<group>"; };
		28AE8DD31DFD1BBD002CB4A3 /* FeedbackTextFieldDelegate.h */ = {isa = PBXFileReference; fileEncoding = 4; lastKnownFileType = sourcecode.c.h; path = FeedbackTextFieldDelegate.h; sourceTree = "<group>"; };
		28AE8DD41DFD1BBD002CB4A3 /* FeedbackTextFieldDelegate.m */ = {isa = PBXFileReference; fileEncoding = 4; lastKnownFileType = sourcecode.c.objc; path = FeedbackTextFieldDelegate.m; sourceTree = "<group>"; };
		28AE8DD71DFDA422002CB4A3 /* about.txt */ = {isa = PBXFileReference; fileEncoding = 4; lastKnownFileType = text; path = about.txt; sourceTree = "<group>"; };
		28AE8DD91DFDA4E7002CB4A3 /* openSourceCredit.txt */ = {isa = PBXFileReference; fileEncoding = 4; lastKnownFileType = text; path = openSourceCredit.txt; sourceTree = "<group>"; };
		28C8E0E31DFB93C200769784 /* newPacks.json */ = {isa = PBXFileReference; fileEncoding = 4; lastKnownFileType = text.json; path = newPacks.json; sourceTree = "<group>"; };
		28F115CF1E088BED00C62F8E /* Settings.bundle */ = {isa = PBXFileReference; lastKnownFileType = "wrapper.plug-in"; path = Settings.bundle; sourceTree = "<group>"; };
		28F618671DF7C1160052E4A2 /* Constants.h */ = {isa = PBXFileReference; lastKnownFileType = sourcecode.c.h; path = Constants.h; sourceTree = "<group>"; };
		AE422F771F0CC7540042A8F0 /* sm_1.png */ = {isa = PBXFileReference; lastKnownFileType = image.png; path = sm_1.png; sourceTree = "<group>"; };
		AE422F781F0CC7540042A8F0 /* sm_2.png */ = {isa = PBXFileReference; lastKnownFileType = image.png; path = sm_2.png; sourceTree = "<group>"; };
		AE422F791F0CC7540042A8F0 /* sm_3.png */ = {isa = PBXFileReference; lastKnownFileType = image.png; path = sm_3.png; sourceTree = "<group>"; };
		AE4915721E9A2B7F00BDEE5E /* ea_1.png */ = {isa = PBXFileReference; lastKnownFileType = image.png; path = ea_1.png; sourceTree = "<group>"; };
		AE4915731E9A2B7F00BDEE5E /* ea_2.png */ = {isa = PBXFileReference; lastKnownFileType = image.png; path = ea_2.png; sourceTree = "<group>"; };
		AE4915741E9A2B7F00BDEE5E /* ea_3.png */ = {isa = PBXFileReference; lastKnownFileType = image.png; path = ea_3.png; sourceTree = "<group>"; };
		AE513BCA1E70D24F005FE8F1 /* sp_1.png */ = {isa = PBXFileReference; lastKnownFileType = image.png; path = sp_1.png; sourceTree = "<group>"; };
		AE907E0A1E0DDC6600AB9B33 /* wta_1_anim_opt.png */ = {isa = PBXFileReference; lastKnownFileType = image.png; path = wta_1_anim_opt.png; sourceTree = "<group>"; };
		AE907E0B1E0DDC6600AB9B33 /* wta_2_anim_opt.png */ = {isa = PBXFileReference; lastKnownFileType = image.png; path = wta_2_anim_opt.png; sourceTree = "<group>"; };
		AEA87FFA1E18E368003971B0 /* wta_4_anim_opt.png */ = {isa = PBXFileReference; lastKnownFileType = image.png; path = wta_4_anim_opt.png; sourceTree = "<group>"; };
		AEB9ADDD1E4AEA310094EC46 /* vd_1.png */ = {isa = PBXFileReference; lastKnownFileType = image.png; path = vd_1.png; sourceTree = "<group>"; };
		AEB9ADDE1E4AEA310094EC46 /* vd_2.png */ = {isa = PBXFileReference; lastKnownFileType = image.png; path = vd_2.png; sourceTree = "<group>"; };
		AEB9ADDF1E4AEA310094EC46 /* vd_3.png */ = {isa = PBXFileReference; lastKnownFileType = image.png; path = vd_3.png; sourceTree = "<group>"; };
		AEDC17171E6EC41E0058C844 /* sp_2.png */ = {isa = PBXFileReference; lastKnownFileType = image.png; path = sp_2.png; sourceTree = "<group>"; };
		AEDC17191E6EC4230058C844 /* sp_3.png */ = {isa = PBXFileReference; lastKnownFileType = image.png; path = sp_3.png; sourceTree = "<group>"; };
/* End PBXFileReference section */

/* Begin PBXFrameworksBuildPhase section */
		2833B14C1DF4A0E4005F05F2 /* Frameworks */ = {
			isa = PBXFrameworksBuildPhase;
			buildActionMask = 2147483647;
			files = (
				28544FF3244F3EC800C0ECED /* FirebaseAnalytics.framework in Frameworks */,
				2833B1551DF4A0E4005F05F2 /* Messages.framework in Frameworks */,
				28544FF9244F3ED200C0ECED /* FirebaseCrashlytics.xcframework in Frameworks */,
				28544FF0244F3EC800C0ECED /* FirebaseCoreDiagnostics.xcframework in Frameworks */,
				28544FF4244F3EC800C0ECED /* GoogleDataTransportCCTSupport.xcframework in Frameworks */,
				28544FF6244F3EC800C0ECED /* nanopb.xcframework in Frameworks */,
				28545003244F3EE000C0ECED /* FirebaseABTesting.xcframework in Frameworks */,
				28545006244F3EE000C0ECED /* FirebaseInstanceID.xcframework in Frameworks */,
				28545001244F3EE000C0ECED /* FirebasePerformance.framework in Frameworks */,
				28544FED244F3EC800C0ECED /* FirebaseCore.xcframework in Frameworks */,
				28544FF5244F3EC800C0ECED /* GoogleUtilities.xcframework in Frameworks */,
				28545005244F3EE000C0ECED /* FirebaseRemoteConfig.xcframework in Frameworks */,
				28545002244F3EE000C0ECED /* Protobuf.xcframework in Frameworks */,
				28544FF7244F3EC800C0ECED /* FIRAnalyticsConnector.framework in Frameworks */,
				28544FF1244F3EC800C0ECED /* PromisesObjC.xcframework in Frameworks */,
				28544FF2244F3EC800C0ECED /* GoogleAppMeasurement.framework in Frameworks */,
				28544FEF244F3EC800C0ECED /* GoogleDataTransport.xcframework in Frameworks */,
				28545007244F3EE000C0ECED /* GTMSessionFetcher.xcframework in Frameworks */,
				28545004244F3EE000C0ECED /* GoogleToolboxForMac.xcframework in Frameworks */,
				28544FEE244F3EC800C0ECED /* FirebaseInstallations.xcframework in Frameworks */,
			);
			runOnlyForDeploymentPostprocessing = 0;
		};
/* End PBXFrameworksBuildPhase section */

/* Begin PBXGroup section */
		282E775B1E494F8D001D60B3 /* Valentines */ = {
			isa = PBXGroup;
			children = (
				AEB9ADDD1E4AEA310094EC46 /* vd_1.png */,
				AEB9ADDE1E4AEA310094EC46 /* vd_2.png */,
				AEB9ADDF1E4AEA310094EC46 /* vd_3.png */,
			);
			name = Valentines;
			sourceTree = "<group>";
		};
		2833B13E1DF4A0E3005F05F2 = {
			isa = PBXGroup;
			children = (
				2833B1471DF4A0E3005F05F2 /* Fluffcorn */,
				2833B1561DF4A0E4005F05F2 /* MessagesExtension */,
				2833B1531DF4A0E4005F05F2 /* Frameworks */,
				2833B1461DF4A0E3005F05F2 /* Products */,
			);
			sourceTree = "<group>";
		};
		2833B1461DF4A0E3005F05F2 /* Products */ = {
			isa = PBXGroup;
			children = (
				2833B1451DF4A0E3005F05F2 /* Fluffcorn.app */,
				2833B14F1DF4A0E4005F05F2 /* MessagesExtension.appex */,
			);
			name = Products;
			sourceTree = "<group>";
		};
		2833B1471DF4A0E3005F05F2 /* Fluffcorn */ = {
			isa = PBXGroup;
			children = (
				2833B1481DF4A0E3005F05F2 /* Assets.xcassets */,
				2833B14A1DF4A0E3005F05F2 /* Info.plist */,
			);
			path = Fluffcorn;
			sourceTree = "<group>";
		};
		2833B1531DF4A0E4005F05F2 /* Frameworks */ = {
			isa = PBXGroup;
			children = (
				289208F523288B26005AC554 /* Firebase frameworks */,
				2833B1541DF4A0E4005F05F2 /* Messages.framework */,
			);
			name = Frameworks;
			sourceTree = "<group>";
		};
		2833B1561DF4A0E4005F05F2 /* MessagesExtension */ = {
			isa = PBXGroup;
			children = (
				28F618671DF7C1160052E4A2 /* Constants.h */,
				2833B1571DF4A0E4005F05F2 /* MessagesViewController.h */,
				2833B1581DF4A0E4005F05F2 /* MessagesViewController.m */,
				2833B1691DF4A277005F05F2 /* FluffcornStickerBrowserViewController.h */,
				2833B16A1DF4A277005F05F2 /* FluffcornStickerBrowserViewController.m */,
				2833B1941DF4C0E0005F05F2 /* StickerPackInfo.h */,
				2833B1951DF4C0E0005F05F2 /* StickerPackInfo.m */,
				28AE8DD31DFD1BBD002CB4A3 /* FeedbackTextFieldDelegate.h */,
				28AE8DD41DFD1BBD002CB4A3 /* FeedbackTextFieldDelegate.m */,
				2833B15A1DF4A0E4005F05F2 /* MainInterface.storyboard */,
				289208F623288C25005AC554 /* Colors.xcassets */,
				2833B15D1DF4A0E4005F05F2 /* Assets.xcassets */,
				2833B15F1DF4A0E4005F05F2 /* Info.plist */,
				2833B1781DF4AC8F005F05F2 /* stickerPacks.json */,
				28C8E0E31DFB93C200769784 /* newPacks.json */,
				28AE8DD71DFDA422002CB4A3 /* about.txt */,
				28545017244F7ED700C0ECED /* wa_fluffcorn2.txt */,
				28AE8DD91DFDA4E7002CB4A3 /* openSourceCredit.txt */,
				28545008244F51D200C0ECED /* localization-notes.txt */,
				2854500D244F544000C0ECED /* Localizable.strings */,
				28AE8DD61DFD8CCE002CB4A3 /* Art Assets */,
				28F115CF1E088BED00C62F8E /* Settings.bundle */,
				2865B81E21DAF85E00354AF1 /* Firebase resources */,
			);
			path = MessagesExtension;
			sourceTree = "<group>";
		};
		2833B1AF1DF50588005F05F2 /* Original */ = {
			isa = PBXGroup;
			children = (
				AE422F771F0CC7540042A8F0 /* sm_1.png */,
				AE422F781F0CC7540042A8F0 /* sm_2.png */,
				AE422F791F0CC7540042A8F0 /* sm_3.png */,
				2833B1B31DF5079D005F05F2 /* fc_1.png */,
				2833B1B41DF5079D005F05F2 /* fc_2.png */,
				2833B1B51DF5079D005F05F2 /* fc_3.png */,
				2833B1B61DF5079D005F05F2 /* fc_4.png */,
				2833B1B71DF5079D005F05F2 /* fc_5.png */,
				2833B1B81DF5079D005F05F2 /* fc_6.png */,
				2833B1B91DF5079D005F05F2 /* fc_7.png */,
				2833B1BA1DF5079D005F05F2 /* fc_8.png */,
				2833B1BB1DF5079D005F05F2 /* fc_9.png */,
				2833B1BC1DF5079D005F05F2 /* fc_10.png */,
				2833B1BD1DF5079D005F05F2 /* fc_11.png */,
				2833B1BE1DF5079D005F05F2 /* fc_12.png */,
			);
			name = Original;
			sourceTree = "<group>";
		};
		2833B1B01DF505A0005F05F2 /* Thanksgiving */ = {
			isa = PBXGroup;
			children = (
				2833B17A1DF4AE7F005F05F2 /* tg_1.png */,
				2833B17B1DF4AE7F005F05F2 /* tg_2.png */,
				2833B17C1DF4AE7F005F05F2 /* tg_3.png */,
				2833B17D1DF4AE7F005F05F2 /* tg_4.png */,
				2833B17E1DF4AE7F005F05F2 /* tg_5.png */,
				2833B17F1DF4AE7F005F05F2 /* tg_6.png */,
			);
			name = Thanksgiving;
			sourceTree = "<group>";
		};
		2833B1B11DF505AA005F05F2 /* Winter */ = {
			isa = PBXGroup;
			children = (
				AE907E0A1E0DDC6600AB9B33 /* wta_1_anim_opt.png */,
				AE907E0B1E0DDC6600AB9B33 /* wta_2_anim_opt.png */,
				AEA87FFA1E18E368003971B0 /* wta_4_anim_opt.png */,
				2833B1801DF4AE7F005F05F2 /* wt_1.png */,
				2833B1811DF4AE7F005F05F2 /* wt_2.png */,
				2833B1821DF4AE7F005F05F2 /* wt_3.png */,
				2833B1831DF4AE7F005F05F2 /* wt_4.png */,
				2833B1841DF4AE7F005F05F2 /* wt_5.png */,
				2833B1851DF4AE7F005F05F2 /* wt_6.png */,
			);
			name = Winter;
			sourceTree = "<group>";
		};
		2833B1B21DF505DA005F05F2 /* Holiday */ = {
			isa = PBXGroup;
			children = (
				AE49156B1E9A281300BDEE5E /* Easter */,
				AEDC171B1E6EC4260058C844 /* St. Patrick's */,
				282E775B1E494F8D001D60B3 /* Valentines */,
				2833B1B01DF505A0005F05F2 /* Thanksgiving */,
				2833B1B11DF505AA005F05F2 /* Winter */,
			);
			name = Holiday;
			sourceTree = "<group>";
		};
		28544FCE244F3AD500C0ECED /* StuckAtHome */ = {
			isa = PBXGroup;
			children = (
				289D4952244FCEB200448FEC /* hm_1.png */,
				289D4953244FCEB200448FEC /* hm_2.png */,
				289D4950244FCEB200448FEC /* hm_3.png */,
				289D4956244FCEB300448FEC /* hm_4.png */,
				289D494F244FCEB200448FEC /* hm_5.png */,
				289D4951244FCEB200448FEC /* hm_6.png */,
				289D4957244FCEB300448FEC /* hm_7.png */,
				289D4954244FCEB200448FEC /* hm_8.png */,
				289D4955244FCEB300448FEC /* hm_9.png */,
			);
			name = StuckAtHome;
			sourceTree = "<group>";
		};
		2865B81E21DAF85E00354AF1 /* Firebase resources */ = {
			isa = PBXGroup;
			children = (
				28544FE1244F3EB200C0ECED /* Firebase.h */,
				28545011244F634800C0ECED /* GoogleService-Info.plist */,
			);
			name = "Firebase resources";
			path = ..;
			sourceTree = "<group>";
		};
		289208F523288B26005AC554 /* Firebase frameworks */ = {
			isa = PBXGroup;
			children = (
				28544FEC244F3EC800C0ECED /* FIRAnalyticsConnector.framework */,
				28544FE8244F3EC700C0ECED /* FirebaseAnalytics.framework */,
				28544FE2244F3EC700C0ECED /* FirebaseCore.xcframework */,
				28544FE5244F3EC700C0ECED /* FirebaseCoreDiagnostics.xcframework */,
				28544FE3244F3EC700C0ECED /* FirebaseInstallations.xcframework */,
				28544FE7244F3EC700C0ECED /* GoogleAppMeasurement.framework */,
				28544FE4244F3EC700C0ECED /* GoogleDataTransport.xcframework */,
				28544FE9244F3EC700C0ECED /* GoogleDataTransportCCTSupport.xcframework */,
				28544FEA244F3EC700C0ECED /* GoogleUtilities.xcframework */,
				28544FEB244F3EC800C0ECED /* nanopb.xcframework */,
				28544FE6244F3EC700C0ECED /* PromisesObjC.xcframework */,
				28544FF8244F3ED200C0ECED /* FirebaseCrashlytics.xcframework */,
				28544FFC244F3EE000C0ECED /* FirebaseABTesting.xcframework */,
				28544FFF244F3EE000C0ECED /* FirebaseInstanceID.xcframework */,
				28544FFA244F3EE000C0ECED /* FirebasePerformance.framework */,
				28544FFE244F3EE000C0ECED /* FirebaseRemoteConfig.xcframework */,
				28544FFD244F3EE000C0ECED /* GoogleToolboxForMac.xcframework */,
				28545000244F3EE000C0ECED /* GTMSessionFetcher.xcframework */,
				28544FFB244F3EE000C0ECED /* Protobuf.xcframework */,
			);
			name = "Firebase frameworks";
			sourceTree = "<group>";
		};
		28AE8DD61DFD8CCE002CB4A3 /* Art Assets */ = {
			isa = PBXGroup;
			children = (
				28544FCE244F3AD500C0ECED /* StuckAtHome */,
				2833B1AF1DF50588005F05F2 /* Original */,
				2833B1B21DF505DA005F05F2 /* Holiday */,
			);
			name = "Art Assets";
			sourceTree = "<group>";
		};
		AE49156B1E9A281300BDEE5E /* Easter */ = {
			isa = PBXGroup;
			children = (
				AE4915721E9A2B7F00BDEE5E /* ea_1.png */,
				AE4915731E9A2B7F00BDEE5E /* ea_2.png */,
				AE4915741E9A2B7F00BDEE5E /* ea_3.png */,
			);
			name = Easter;
			sourceTree = "<group>";
		};
		AEDC171B1E6EC4260058C844 /* St. Patrick's */ = {
			isa = PBXGroup;
			children = (
				AE513BCA1E70D24F005FE8F1 /* sp_1.png */,
				AEDC17171E6EC41E0058C844 /* sp_2.png */,
				AEDC17191E6EC4230058C844 /* sp_3.png */,
			);
			name = "St. Patrick's";
			sourceTree = "<group>";
		};
/* End PBXGroup section */

/* Begin PBXNativeTarget section */
		2833B1441DF4A0E3005F05F2 /* Fluffcorn */ = {
			isa = PBXNativeTarget;
			buildConfigurationList = 2833B1661DF4A0E4005F05F2 /* Build configuration list for PBXNativeTarget "Fluffcorn" */;
			buildPhases = (
				2833B1431DF4A0E3005F05F2 /* Resources */,
				2833B1651DF4A0E4005F05F2 /* Embed App Extensions */,
			);
			buildRules = (
			);
			dependencies = (
				2833B1521DF4A0E4005F05F2 /* PBXTargetDependency */,
			);
			name = Fluffcorn;
			productName = Fluffcorn;
			productReference = 2833B1451DF4A0E3005F05F2 /* Fluffcorn.app */;
			productType = "com.apple.product-type.application.messages";
		};
		2833B14E1DF4A0E4005F05F2 /* MessagesExtension */ = {
			isa = PBXNativeTarget;
			buildConfigurationList = 2833B1621DF4A0E4005F05F2 /* Build configuration list for PBXNativeTarget "MessagesExtension" */;
			buildPhases = (
				2833B14B1DF4A0E4005F05F2 /* Sources */,
				2833B14C1DF4A0E4005F05F2 /* Frameworks */,
				2833B14D1DF4A0E4005F05F2 /* Resources */,
			);
			buildRules = (
			);
			dependencies = (
			);
			name = MessagesExtension;
			productName = MessagesExtension;
			productReference = 2833B14F1DF4A0E4005F05F2 /* MessagesExtension.appex */;
			productType = "com.apple.product-type.app-extension.messages";
		};
/* End PBXNativeTarget section */

/* Begin PBXProject section */
		2833B13F1DF4A0E3005F05F2 /* Project object */ = {
			isa = PBXProject;
			attributes = {
				LastUpgradeCheck = 1100;
				ORGANIZATIONNAME = "Anson Liu";
				TargetAttributes = {
					2833B1441DF4A0E3005F05F2 = {
						CreatedOnToolsVersion = 8.0;
						DevelopmentTeam = 3E2UWZ76C2;
						ProvisioningStyle = Automatic;
					};
					2833B14E1DF4A0E4005F05F2 = {
						CreatedOnToolsVersion = 8.0;
						DevelopmentTeam = 3E2UWZ76C2;
						ProvisioningStyle = Automatic;
					};
				};
			};
			buildConfigurationList = 2833B1421DF4A0E3005F05F2 /* Build configuration list for PBXProject "Fluffcorn" */;
			compatibilityVersion = "Xcode 3.2";
			developmentRegion = en;
			hasScannedForEncodings = 0;
			knownRegions = (
				en,
				Base,
				zh,
			);
			mainGroup = 2833B13E1DF4A0E3005F05F2;
			productRefGroup = 2833B1461DF4A0E3005F05F2 /* Products */;
			projectDirPath = "";
			projectRoot = "";
			targets = (
				2833B1441DF4A0E3005F05F2 /* Fluffcorn */,
				2833B14E1DF4A0E4005F05F2 /* MessagesExtension */,
			);
		};
/* End PBXProject section */

/* Begin PBXResourcesBuildPhase section */
		2833B1431DF4A0E3005F05F2 /* Resources */ = {
			isa = PBXResourcesBuildPhase;
			buildActionMask = 2147483647;
			files = (
				2833B1491DF4A0E3005F05F2 /* Assets.xcassets in Resources */,
				289D4964244FCEB300448FEC /* hm_9.png in Resources */,
				289D495C244FCEB300448FEC /* hm_6.png in Resources */,
				289D495A244FCEB300448FEC /* hm_3.png in Resources */,
				289D4966244FCEB300448FEC /* hm_4.png in Resources */,
				289D4958244FCEB300448FEC /* hm_5.png in Resources */,
				2854500F244F544100C0ECED /* Localizable.strings in Resources */,
				289D495E244FCEB300448FEC /* hm_1.png in Resources */,
				28545012244F634800C0ECED /* GoogleService-Info.plist in Resources */,
				289D4960244FCEB300448FEC /* hm_2.png in Resources */,
				289D4968244FCEB300448FEC /* hm_7.png in Resources */,
				28545018244F7ED700C0ECED /* wa_fluffcorn2.txt in Resources */,
				28545009244F51D200C0ECED /* localization-notes.txt in Resources */,
				289D4962244FCEB300448FEC /* hm_8.png in Resources */,
			);
			runOnlyForDeploymentPostprocessing = 0;
		};
		2833B14D1DF4A0E4005F05F2 /* Resources */ = {
			isa = PBXResourcesBuildPhase;
			buildActionMask = 2147483647;
			files = (
				289D495F244FCEB300448FEC /* hm_1.png in Resources */,
				2833B1C01DF5079D005F05F2 /* fc_2.png in Resources */,
				AE4915751E9A2B7F00BDEE5E /* ea_1.png in Resources */,
				289D495B244FCEB300448FEC /* hm_3.png in Resources */,
				2833B15E1DF4A0E4005F05F2 /* Assets.xcassets in Resources */,
				AE513BCB1E70D24F005FE8F1 /* sp_1.png in Resources */,
				28AE8DD81DFDA422002CB4A3 /* about.txt in Resources */,
				AEB9ADE01E4AEA310094EC46 /* vd_1.png in Resources */,
				2833B1C11DF5079D005F05F2 /* fc_3.png in Resources */,
				2833B1891DF4AE7F005F05F2 /* tg_4.png in Resources */,
				28AE8DDA1DFDA4E7002CB4A3 /* openSourceCredit.txt in Resources */,
				289D4967244FCEB300448FEC /* hm_4.png in Resources */,
				2854500A244F51D200C0ECED /* localization-notes.txt in Resources */,
				2833B18B1DF4AE7F005F05F2 /* tg_6.png in Resources */,
				2833B18A1DF4AE7F005F05F2 /* tg_5.png in Resources */,
				AE422F7B1F0CC7540042A8F0 /* sm_2.png in Resources */,
				28545010244F544100C0ECED /* Localizable.strings in Resources */,
				2833B1BF1DF5079D005F05F2 /* fc_1.png in Resources */,
				289D4969244FCEB300448FEC /* hm_7.png in Resources */,
				2833B1871DF4AE7F005F05F2 /* tg_2.png in Resources */,
				AEB9ADE21E4AEA310094EC46 /* vd_3.png in Resources */,
				2833B1C91DF5079D005F05F2 /* fc_11.png in Resources */,
				2833B1C41DF5079D005F05F2 /* fc_6.png in Resources */,
				AEA87FFB1E18E368003971B0 /* wta_4_anim_opt.png in Resources */,
				AE4915771E9A2B7F00BDEE5E /* ea_3.png in Resources */,
				2833B1881DF4AE7F005F05F2 /* tg_3.png in Resources */,
				AE422F7C1F0CC7540042A8F0 /* sm_3.png in Resources */,
				2833B18C1DF4AE7F005F05F2 /* wt_1.png in Resources */,
				2833B1791DF4AC8F005F05F2 /* stickerPacks.json in Resources */,
				2833B18F1DF4AE7F005F05F2 /* wt_4.png in Resources */,
				AE422F7A1F0CC7540042A8F0 /* sm_1.png in Resources */,
				2833B1C21DF5079D005F05F2 /* fc_4.png in Resources */,
				28545019244F7ED700C0ECED /* wa_fluffcorn2.txt in Resources */,
				2833B18E1DF4AE7F005F05F2 /* wt_3.png in Resources */,
				2833B1C81DF5079D005F05F2 /* fc_10.png in Resources */,
				AEB9ADE11E4AEA310094EC46 /* vd_2.png in Resources */,
				2833B1861DF4AE7F005F05F2 /* tg_1.png in Resources */,
				289D495D244FCEB300448FEC /* hm_6.png in Resources */,
				2833B1911DF4AE7F005F05F2 /* wt_6.png in Resources */,
				2833B1C31DF5079D005F05F2 /* fc_5.png in Resources */,
				2833B1C61DF5079D005F05F2 /* fc_8.png in Resources */,
				AE907E0C1E0DDC6600AB9B33 /* wta_1_anim_opt.png in Resources */,
				2833B1CA1DF5079D005F05F2 /* fc_12.png in Resources */,
				AE907E0D1E0DDC6600AB9B33 /* wta_2_anim_opt.png in Resources */,
				AEDC17181E6EC41E0058C844 /* sp_2.png in Resources */,
				2833B1C51DF5079D005F05F2 /* fc_7.png in Resources */,
				2833B1C71DF5079D005F05F2 /* fc_9.png in Resources */,
				2833B15C1DF4A0E4005F05F2 /* MainInterface.storyboard in Resources */,
				28C8E0E41DFB93C200769784 /* newPacks.json in Resources */,
				2833B1901DF4AE7F005F05F2 /* wt_5.png in Resources */,
				289D4961244FCEB300448FEC /* hm_2.png in Resources */,
				289D4963244FCEB300448FEC /* hm_8.png in Resources */,
				289D4959244FCEB300448FEC /* hm_5.png in Resources */,
				AE4915761E9A2B7F00BDEE5E /* ea_2.png in Resources */,
				289D4965244FCEB300448FEC /* hm_9.png in Resources */,
				289208F723288C25005AC554 /* Colors.xcassets in Resources */,
				2833B18D1DF4AE7F005F05F2 /* wt_2.png in Resources */,
				28545013244F634800C0ECED /* GoogleService-Info.plist in Resources */,
				AEDC171A1E6EC4230058C844 /* sp_3.png in Resources */,
			);
			runOnlyForDeploymentPostprocessing = 0;
		};
/* End PBXResourcesBuildPhase section */

/* Begin PBXSourcesBuildPhase section */
		2833B14B1DF4A0E4005F05F2 /* Sources */ = {
			isa = PBXSourcesBuildPhase;
			buildActionMask = 2147483647;
			files = (
				2833B1961DF4C0E0005F05F2 /* StickerPackInfo.m in Sources */,
				2833B1591DF4A0E4005F05F2 /* MessagesViewController.m in Sources */,
				28AE8DD51DFD1BBD002CB4A3 /* FeedbackTextFieldDelegate.m in Sources */,
				2833B16B1DF4A277005F05F2 /* FluffcornStickerBrowserViewController.m in Sources */,
			);
			runOnlyForDeploymentPostprocessing = 0;
		};
/* End PBXSourcesBuildPhase section */

/* Begin PBXTargetDependency section */
		2833B1521DF4A0E4005F05F2 /* PBXTargetDependency */ = {
			isa = PBXTargetDependency;
			target = 2833B14E1DF4A0E4005F05F2 /* MessagesExtension */;
			targetProxy = 2833B1511DF4A0E4005F05F2 /* PBXContainerItemProxy */;
		};
/* End PBXTargetDependency section */

/* Begin PBXVariantGroup section */
		2833B15A1DF4A0E4005F05F2 /* MainInterface.storyboard */ = {
			isa = PBXVariantGroup;
			children = (
				2833B15B1DF4A0E4005F05F2 /* Base */,
			);
			name = MainInterface.storyboard;
			sourceTree = "<group>";
		};
		2854500D244F544000C0ECED /* Localizable.strings */ = {
			isa = PBXVariantGroup;
			children = (
				28545015244F65CD00C0ECED /* en */,
				289D496A244FDA7900448FEC /* zh */,
			);
			name = Localizable.strings;
			sourceTree = "<group>";
		};
/* End PBXVariantGroup section */

/* Begin XCBuildConfiguration section */
		2833B1601DF4A0E4005F05F2 /* Debug */ = {
			isa = XCBuildConfiguration;
			buildSettings = {
				ALWAYS_SEARCH_USER_PATHS = NO;
				CLANG_ANALYZER_LOCALIZABILITY_NONLOCALIZED = YES;
				CLANG_ANALYZER_NONNULL = YES;
				CLANG_CXX_LANGUAGE_STANDARD = "gnu++0x";
				CLANG_CXX_LIBRARY = "libc++";
				CLANG_ENABLE_MODULES = YES;
				CLANG_ENABLE_OBJC_ARC = YES;
				CLANG_WARN_BLOCK_CAPTURE_AUTORELEASING = YES;
				CLANG_WARN_BOOL_CONVERSION = YES;
				CLANG_WARN_COMMA = YES;
				CLANG_WARN_CONSTANT_CONVERSION = YES;
				CLANG_WARN_DEPRECATED_OBJC_IMPLEMENTATIONS = YES;
				CLANG_WARN_DIRECT_OBJC_ISA_USAGE = YES_ERROR;
				CLANG_WARN_DOCUMENTATION_COMMENTS = YES;
				CLANG_WARN_EMPTY_BODY = YES;
				CLANG_WARN_ENUM_CONVERSION = YES;
				CLANG_WARN_INFINITE_RECURSION = YES;
				CLANG_WARN_INT_CONVERSION = YES;
				CLANG_WARN_NON_LITERAL_NULL_CONVERSION = YES;
				CLANG_WARN_OBJC_IMPLICIT_RETAIN_SELF = YES;
				CLANG_WARN_OBJC_LITERAL_CONVERSION = YES;
				CLANG_WARN_OBJC_ROOT_CLASS = YES_ERROR;
				CLANG_WARN_RANGE_LOOP_ANALYSIS = YES;
				CLANG_WARN_STRICT_PROTOTYPES = YES;
				CLANG_WARN_SUSPICIOUS_MOVE = YES;
				CLANG_WARN_SUSPICIOUS_MOVES = YES;
				CLANG_WARN_UNREACHABLE_CODE = YES;
				CLANG_WARN__DUPLICATE_METHOD_MATCH = YES;
				"CODE_SIGN_IDENTITY[sdk=iphoneos*]" = "iPhone Developer";
				COPY_PHASE_STRIP = NO;
				DEBUG_INFORMATION_FORMAT = dwarf;
				ENABLE_STRICT_OBJC_MSGSEND = YES;
				ENABLE_TESTABILITY = YES;
				GCC_C_LANGUAGE_STANDARD = gnu99;
				GCC_DYNAMIC_NO_PIC = NO;
				GCC_NO_COMMON_BLOCKS = YES;
				GCC_OPTIMIZATION_LEVEL = 0;
				GCC_PREPROCESSOR_DEFINITIONS = (
					"DEBUG=1",
					"$(inherited)",
				);
				GCC_WARN_64_TO_32_BIT_CONVERSION = YES;
				GCC_WARN_ABOUT_RETURN_TYPE = YES_ERROR;
				GCC_WARN_UNDECLARED_SELECTOR = YES;
				GCC_WARN_UNINITIALIZED_AUTOS = YES_AGGRESSIVE;
				GCC_WARN_UNUSED_FUNCTION = YES;
				GCC_WARN_UNUSED_VARIABLE = YES;
				IPHONEOS_DEPLOYMENT_TARGET = 10.0;
				MTL_ENABLE_DEBUG_INFO = YES;
				ONLY_ACTIVE_ARCH = YES;
				SDKROOT = iphoneos;
			};
			name = Debug;
		};
		2833B1611DF4A0E4005F05F2 /* Release */ = {
			isa = XCBuildConfiguration;
			buildSettings = {
				ALWAYS_SEARCH_USER_PATHS = NO;
				CLANG_ANALYZER_LOCALIZABILITY_NONLOCALIZED = YES;
				CLANG_ANALYZER_NONNULL = YES;
				CLANG_CXX_LANGUAGE_STANDARD = "gnu++0x";
				CLANG_CXX_LIBRARY = "libc++";
				CLANG_ENABLE_MODULES = YES;
				CLANG_ENABLE_OBJC_ARC = YES;
				CLANG_WARN_BLOCK_CAPTURE_AUTORELEASING = YES;
				CLANG_WARN_BOOL_CONVERSION = YES;
				CLANG_WARN_COMMA = YES;
				CLANG_WARN_CONSTANT_CONVERSION = YES;
				CLANG_WARN_DEPRECATED_OBJC_IMPLEMENTATIONS = YES;
				CLANG_WARN_DIRECT_OBJC_ISA_USAGE = YES_ERROR;
				CLANG_WARN_DOCUMENTATION_COMMENTS = YES;
				CLANG_WARN_EMPTY_BODY = YES;
				CLANG_WARN_ENUM_CONVERSION = YES;
				CLANG_WARN_INFINITE_RECURSION = YES;
				CLANG_WARN_INT_CONVERSION = YES;
				CLANG_WARN_NON_LITERAL_NULL_CONVERSION = YES;
				CLANG_WARN_OBJC_IMPLICIT_RETAIN_SELF = YES;
				CLANG_WARN_OBJC_LITERAL_CONVERSION = YES;
				CLANG_WARN_OBJC_ROOT_CLASS = YES_ERROR;
				CLANG_WARN_RANGE_LOOP_ANALYSIS = YES;
				CLANG_WARN_STRICT_PROTOTYPES = YES;
				CLANG_WARN_SUSPICIOUS_MOVE = YES;
				CLANG_WARN_SUSPICIOUS_MOVES = YES;
				CLANG_WARN_UNREACHABLE_CODE = YES;
				CLANG_WARN__DUPLICATE_METHOD_MATCH = YES;
				"CODE_SIGN_IDENTITY[sdk=iphoneos*]" = "iPhone Developer";
				COPY_PHASE_STRIP = NO;
				DEBUG_INFORMATION_FORMAT = "dwarf-with-dsym";
				ENABLE_NS_ASSERTIONS = NO;
				ENABLE_STRICT_OBJC_MSGSEND = YES;
				GCC_C_LANGUAGE_STANDARD = gnu99;
				GCC_NO_COMMON_BLOCKS = YES;
				GCC_WARN_64_TO_32_BIT_CONVERSION = YES;
				GCC_WARN_ABOUT_RETURN_TYPE = YES_ERROR;
				GCC_WARN_UNDECLARED_SELECTOR = YES;
				GCC_WARN_UNINITIALIZED_AUTOS = YES_AGGRESSIVE;
				GCC_WARN_UNUSED_FUNCTION = YES;
				GCC_WARN_UNUSED_VARIABLE = YES;
				IPHONEOS_DEPLOYMENT_TARGET = 10.0;
				MTL_ENABLE_DEBUG_INFO = NO;
				SDKROOT = iphoneos;
				VALIDATE_PRODUCT = YES;
			};
			name = Release;
		};
		2833B1631DF4A0E4005F05F2 /* Debug */ = {
			isa = XCBuildConfiguration;
			buildSettings = {
				ASSETCATALOG_COMPILER_APPICON_NAME = AppIcon;
				CURRENT_PROJECT_VERSION = 26;
				DEVELOPMENT_TEAM = 3E2UWZ76C2;
				FRAMEWORK_SEARCH_PATHS = (
					"$(inherited)",
					"$(PROJECT_DIR)",
				);
				INFOPLIST_FILE = MessagesExtension/Info.plist;
				IPHONEOS_DEPLOYMENT_TARGET = 10.0;
				LD_RUNPATH_SEARCH_PATHS = (
					"$(inherited)",
					"@executable_path/Frameworks",
					"@executable_path/../../Frameworks",
				);
				MARKETING_VERSION = 1.4.1;
				OTHER_LDFLAGS = (
					"$(OTHER_LDFLAGS)",
					"-ObjC",
				);
				PRODUCT_BUNDLE_IDENTIFIER = com.ansonliu.llamacorn.StickerPackExtension;
				PRODUCT_NAME = "$(TARGET_NAME)";
				SKIP_INSTALL = YES;
				TARGETED_DEVICE_FAMILY = "1,2";
			};
			name = Debug;
		};
		2833B1641DF4A0E4005F05F2 /* Release */ = {
			isa = XCBuildConfiguration;
			buildSettings = {
				ASSETCATALOG_COMPILER_APPICON_NAME = AppIcon;
				CURRENT_PROJECT_VERSION = 26;
				DEVELOPMENT_TEAM = 3E2UWZ76C2;
				FRAMEWORK_SEARCH_PATHS = (
					"$(inherited)",
					"$(PROJECT_DIR)",
				);
				INFOPLIST_FILE = MessagesExtension/Info.plist;
				IPHONEOS_DEPLOYMENT_TARGET = 10.0;
				LD_RUNPATH_SEARCH_PATHS = (
					"$(inherited)",
					"@executable_path/Frameworks",
					"@executable_path/../../Frameworks",
				);
				MARKETING_VERSION = 1.4.1;
				OTHER_LDFLAGS = (
					"$(OTHER_LDFLAGS)",
					"-ObjC",
				);
				PRODUCT_BUNDLE_IDENTIFIER = com.ansonliu.llamacorn.StickerPackExtension;
				PRODUCT_NAME = "$(TARGET_NAME)";
				SKIP_INSTALL = YES;
				TARGETED_DEVICE_FAMILY = "1,2";
			};
			name = Release;
		};
		2833B1671DF4A0E4005F05F2 /* Debug */ = {
			isa = XCBuildConfiguration;
			buildSettings = {
				ASSETCATALOG_COMPILER_APPICON_NAME = AppIcon;
				CURRENT_PROJECT_VERSION = 26;
				DEVELOPMENT_TEAM = 3E2UWZ76C2;
				INFOPLIST_FILE = Fluffcorn/Info.plist;
				IPHONEOS_DEPLOYMENT_TARGET = 10.0;
				MARKETING_VERSION = 1.4.1;
				PRODUCT_BUNDLE_IDENTIFIER = com.ansonliu.llamacorn;
				PRODUCT_NAME = "$(TARGET_NAME)";
				TARGETED_DEVICE_FAMILY = "1,2";
			};
			name = Debug;
		};
		2833B1681DF4A0E4005F05F2 /* Release */ = {
			isa = XCBuildConfiguration;
			buildSettings = {
				ASSETCATALOG_COMPILER_APPICON_NAME = AppIcon;
				CURRENT_PROJECT_VERSION = 26;
				DEVELOPMENT_TEAM = 3E2UWZ76C2;
				INFOPLIST_FILE = Fluffcorn/Info.plist;
				IPHONEOS_DEPLOYMENT_TARGET = 10.0;
				MARKETING_VERSION = 1.4.1;
				PRODUCT_BUNDLE_IDENTIFIER = com.ansonliu.llamacorn;
				PRODUCT_NAME = "$(TARGET_NAME)";
				TARGETED_DEVICE_FAMILY = "1,2";
			};
			name = Release;
		};
/* End XCBuildConfiguration section */

/* Begin XCConfigurationList section */
		2833B1421DF4A0E3005F05F2 /* Build configuration list for PBXProject "Fluffcorn" */ = {
			isa = XCConfigurationList;
			buildConfigurations = (
				2833B1601DF4A0E4005F05F2 /* Debug */,
				2833B1611DF4A0E4005F05F2 /* Release */,
			);
			defaultConfigurationIsVisible = 0;
			defaultConfigurationName = Release;
		};
		2833B1621DF4A0E4005F05F2 /* Build configuration list for PBXNativeTarget "MessagesExtension" */ = {
			isa = XCConfigurationList;
			buildConfigurations = (
				2833B1631DF4A0E4005F05F2 /* Debug */,
				2833B1641DF4A0E4005F05F2 /* Release */,
			);
			defaultConfigurationIsVisible = 0;
			defaultConfigurationName = Release;
		};
		2833B1661DF4A0E4005F05F2 /* Build configuration list for PBXNativeTarget "Fluffcorn" */ = {
			isa = XCConfigurationList;
			buildConfigurations = (
				2833B1671DF4A0E4005F05F2 /* Debug */,
				2833B1681DF4A0E4005F05F2 /* Release */,
			);
			defaultConfigurationIsVisible = 0;
			defaultConfigurationName = Release;
		};
/* End XCConfigurationList section */
	};
	rootObject = 2833B13F1DF4A0E3005F05F2 /* Project object */;
}
