// !$*UTF8*$!
{
	archiveVersion = 1;
	classes = {
	};
	objectVersion = 46;
	objects = {

/* Begin PBXBuildFile section */
		2833B1491DF4A0E3005F05F2 /* Assets.xcassets in Resources */ = {isa = PBXBuildFile; fileRef = 2833B1481DF4A0E3005F05F2 /* Assets.xcassets */; };
		2833B1501DF4A0E4005F05F2 /* MessagesExtension.appex in Embed App Extensions */ = {isa = PBXBuildFile; fileRef = 2833B14F1DF4A0E4005F05F2 /* MessagesExtension.appex */; settings = {ATTRIBUTES = (RemoveHeadersOnCopy, ); }; };
		2833B1551DF4A0E4005F05F2 /* Messages.framework in Frameworks */ = {isa = PBXBuildFile; fileRef = 2833B1541DF4A0E4005F05F2 /* Messages.framework */; };
		2833B1591DF4A0E4005F05F2 /* MessagesViewController.m in Sources */ = {isa = PBXBuildFile; fileRef = 2833B1581DF4A0E4005F05F2 /* MessagesViewController.m */; };
		2833B15C1DF4A0E4005F05F2 /* MainInterface.storyboard in Resources */ = {isa = PBXBuildFile; fileRef = 2833B15A1DF4A0E4005F05F2 /* MainInterface.storyboard */; };
		2833B15E1DF4A0E4005F05F2 /* Assets.xcassets in Resources */ = {isa = PBXBuildFile; fileRef = 2833B15D1DF4A0E4005F05F2 /* Assets.xcassets */; };
		2833B16B1DF4A277005F05F2 /* FluffcornStickerBrowserViewController.m in Sources */ = {isa = PBXBuildFile; fileRef = 2833B16A1DF4A277005F05F2 /* FluffcornStickerBrowserViewController.m */; };
		2833B1791DF4AC8F005F05F2 /* stickerPacks.json in Resources */ = {isa = PBXBuildFile; fileRef = 2833B1781DF4AC8F005F05F2 /* stickerPacks.json */; };
		2833B1861DF4AE7F005F05F2 /* tg_1.png in Resources */ = {isa = PBXBuildFile; fileRef = 2833B17A1DF4AE7F005F05F2 /* tg_1.png */; };
		2833B1871DF4AE7F005F05F2 /* tg_2.png in Resources */ = {isa = PBXBuildFile; fileRef = 2833B17B1DF4AE7F005F05F2 /* tg_2.png */; };
		2833B1881DF4AE7F005F05F2 /* tg_3.png in Resources */ = {isa = PBXBuildFile; fileRef = 2833B17C1DF4AE7F005F05F2 /* tg_3.png */; };
		2833B1891DF4AE7F005F05F2 /* tg_4.png in Resources */ = {isa = PBXBuildFile; fileRef = 2833B17D1DF4AE7F005F05F2 /* tg_4.png */; };
		2833B18A1DF4AE7F005F05F2 /* tg_5.png in Resources */ = {isa = PBXBuildFile; fileRef = 2833B17E1DF4AE7F005F05F2 /* tg_5.png */; };
		2833B18B1DF4AE7F005F05F2 /* tg_6.png in Resources */ = {isa = PBXBuildFile; fileRef = 2833B17F1DF4AE7F005F05F2 /* tg_6.png */; };
		2833B18C1DF4AE7F005F05F2 /* wt_1.png in Resources */ = {isa = PBXBuildFile; fileRef = 2833B1801DF4AE7F005F05F2 /* wt_1.png */; };
		2833B18D1DF4AE7F005F05F2 /* wt_2.png in Resources */ = {isa = PBXBuildFile; fileRef = 2833B1811DF4AE7F005F05F2 /* wt_2.png */; };
		2833B18E1DF4AE7F005F05F2 /* wt_3.png in Resources */ = {isa = PBXBuildFile; fileRef = 2833B1821DF4AE7F005F05F2 /* wt_3.png */; };
		2833B18F1DF4AE7F005F05F2 /* wt_4.png in Resources */ = {isa = PBXBuildFile; fileRef = 2833B1831DF4AE7F005F05F2 /* wt_4.png */; };
		2833B1901DF4AE7F005F05F2 /* wt_5.png in Resources */ = {isa = PBXBuildFile; fileRef = 2833B1841DF4AE7F005F05F2 /* wt_5.png */; };
		2833B1911DF4AE7F005F05F2 /* wt_6.png in Resources */ = {isa = PBXBuildFile; fileRef = 2833B1851DF4AE7F005F05F2 /* wt_6.png */; };
		2833B1961DF4C0E0005F05F2 /* StickerPackInfo.m in Sources */ = {isa = PBXBuildFile; fileRef = 2833B1951DF4C0E0005F05F2 /* StickerPackInfo.m */; };
		2833B1BF1DF5079D005F05F2 /* fc_1.png in Resources */ = {isa = PBXBuildFile; fileRef = 2833B1B31DF5079D005F05F2 /* fc_1.png */; };
		2833B1C01DF5079D005F05F2 /* fc_2.png in Resources */ = {isa = PBXBuildFile; fileRef = 2833B1B41DF5079D005F05F2 /* fc_2.png */; };
		2833B1C11DF5079D005F05F2 /* fc_3.png in Resources */ = {isa = PBXBuildFile; fileRef = 2833B1B51DF5079D005F05F2 /* fc_3.png */; };
		2833B1C21DF5079D005F05F2 /* fc_4.png in Resources */ = {isa = PBXBuildFile; fileRef = 2833B1B61DF5079D005F05F2 /* fc_4.png */; };
		2833B1C31DF5079D005F05F2 /* fc_5.png in Resources */ = {isa = PBXBuildFile; fileRef = 2833B1B71DF5079D005F05F2 /* fc_5.png */; };
		2833B1C41DF5079D005F05F2 /* fc_6.png in Resources */ = {isa = PBXBuildFile; fileRef = 2833B1B81DF5079D005F05F2 /* fc_6.png */; };
		2833B1C51DF5079D005F05F2 /* fc_7.png in Resources */ = {isa = PBXBuildFile; fileRef = 2833B1B91DF5079D005F05F2 /* fc_7.png */; };
		2833B1C61DF5079D005F05F2 /* fc_8.png in Resources */ = {isa = PBXBuildFile; fileRef = 2833B1BA1DF5079D005F05F2 /* fc_8.png */; };
		2833B1C71DF5079D005F05F2 /* fc_9.png in Resources */ = {isa = PBXBuildFile; fileRef = 2833B1BB1DF5079D005F05F2 /* fc_9.png */; };
		2833B1C81DF5079D005F05F2 /* fc_10.png in Resources */ = {isa = PBXBuildFile; fileRef = 2833B1BC1DF5079D005F05F2 /* fc_10.png */; };
		2833B1C91DF5079D005F05F2 /* fc_11.png in Resources */ = {isa = PBXBuildFile; fileRef = 2833B1BD1DF5079D005F05F2 /* fc_11.png */; };
		2833B1CA1DF5079D005F05F2 /* fc_12.png in Resources */ = {isa = PBXBuildFile; fileRef = 2833B1BE1DF5079D005F05F2 /* fc_12.png */; };
		28AE8DD51DFD1BBD002CB4A3 /* FeedbackTextFieldDelegate.m in Sources */ = {isa = PBXBuildFile; fileRef = 28AE8DD41DFD1BBD002CB4A3 /* FeedbackTextFieldDelegate.m */; };
		28AE8DD81DFDA422002CB4A3 /* about.txt in Resources */ = {isa = PBXBuildFile; fileRef = 28AE8DD71DFDA422002CB4A3 /* about.txt */; };
		28AE8DDA1DFDA4E7002CB4A3 /* openSourceCredit.txt in Resources */ = {isa = PBXBuildFile; fileRef = 28AE8DD91DFDA4E7002CB4A3 /* openSourceCredit.txt */; };
		28C8E0E41DFB93C200769784 /* newPacks.json in Resources */ = {isa = PBXBuildFile; fileRef = 28C8E0E31DFB93C200769784 /* newPacks.json */; };
		AE907E091E0DD86300AB9B33 /* wt_4_anim.png in Resources */ = {isa = PBXBuildFile; fileRef = AEA3CFE31E0DB76A00EF1D46 /* wt_4_anim.png */; };
		AE907E0C1E0DDC6600AB9B33 /* wta_1_anim_opt.png in Resources */ = {isa = PBXBuildFile; fileRef = AE907E0A1E0DDC6600AB9B33 /* wta_1_anim_opt.png */; };
		AE907E0D1E0DDC6600AB9B33 /* wta_2_anim_opt.png in Resources */ = {isa = PBXBuildFile; fileRef = AE907E0B1E0DDC6600AB9B33 /* wta_2_anim_opt.png */; };
/* End PBXBuildFile section */

/* Begin PBXContainerItemProxy section */
		2833B1511DF4A0E4005F05F2 /* PBXContainerItemProxy */ = {
			isa = PBXContainerItemProxy;
			containerPortal = 2833B13F1DF4A0E3005F05F2 /* Project object */;
			proxyType = 1;
			remoteGlobalIDString = 2833B14E1DF4A0E4005F05F2;
			remoteInfo = MessagesExtension;
		};
/* End PBXContainerItemProxy section */

/* Begin PBXCopyFilesBuildPhase section */
		2833B1651DF4A0E4005F05F2 /* Embed App Extensions */ = {
			isa = PBXCopyFilesBuildPhase;
			buildActionMask = 2147483647;
			dstPath = "";
			dstSubfolderSpec = 13;
			files = (
				2833B1501DF4A0E4005F05F2 /* MessagesExtension.appex in Embed App Extensions */,
			);
			name = "Embed App Extensions";
			runOnlyForDeploymentPostprocessing = 0;
		};
/* End PBXCopyFilesBuildPhase section */

/* Begin PBXFileReference section */
		2833B1451DF4A0E3005F05F2 /* Fluffcorn.app */ = {isa = PBXFileReference; explicitFileType = wrapper.application; includeInIndex = 0; path = Fluffcorn.app; sourceTree = BUILT_PRODUCTS_DIR; };
		2833B1481DF4A0E3005F05F2 /* Assets.xcassets */ = {isa = PBXFileReference; lastKnownFileType = folder.assetcatalog; path = Assets.xcassets; sourceTree = "<group>"; };
		2833B14A1DF4A0E3005F05F2 /* Info.plist */ = {isa = PBXFileReference; lastKnownFileType = text.plist.xml; path = Info.plist; sourceTree = "<group>"; };
		2833B14F1DF4A0E4005F05F2 /* MessagesExtension.appex */ = {isa = PBXFileReference; explicitFileType = "wrapper.app-extension"; includeInIndex = 0; path = MessagesExtension.appex; sourceTree = BUILT_PRODUCTS_DIR; };
		2833B1541DF4A0E4005F05F2 /* Messages.framework */ = {isa = PBXFileReference; lastKnownFileType = wrapper.framework; name = Messages.framework; path = System/Library/Frameworks/Messages.framework; sourceTree = SDKROOT; };
		2833B1571DF4A0E4005F05F2 /* MessagesViewController.h */ = {isa = PBXFileReference; lastKnownFileType = sourcecode.c.h; path = MessagesViewController.h; sourceTree = "<group>"; };
		2833B1581DF4A0E4005F05F2 /* MessagesViewController.m */ = {isa = PBXFileReference; lastKnownFileType = sourcecode.c.objc; path = MessagesViewController.m; sourceTree = "<group>"; };
		2833B15B1DF4A0E4005F05F2 /* Base */ = {isa = PBXFileReference; lastKnownFileType = file.storyboard; name = Base; path = Base.lproj/MainInterface.storyboard; sourceTree = "<group>"; };
		2833B15D1DF4A0E4005F05F2 /* Assets.xcassets */ = {isa = PBXFileReference; lastKnownFileType = folder.assetcatalog; path = Assets.xcassets; sourceTree = "<group>"; };
		2833B15F1DF4A0E4005F05F2 /* Info.plist */ = {isa = PBXFileReference; lastKnownFileType = text.plist.xml; path = Info.plist; sourceTree = "<group>"; };
		2833B1691DF4A277005F05F2 /* FluffcornStickerBrowserViewController.h */ = {isa = PBXFileReference; fileEncoding = 4; lastKnownFileType = sourcecode.c.h; path = FluffcornStickerBrowserViewController.h; sourceTree = "<group>"; };
		2833B16A1DF4A277005F05F2 /* FluffcornStickerBrowserViewController.m */ = {isa = PBXFileReference; fileEncoding = 4; lastKnownFileType = sourcecode.c.objc; path = FluffcornStickerBrowserViewController.m; sourceTree = "<group>"; };
		2833B1781DF4AC8F005F05F2 /* stickerPacks.json */ = {isa = PBXFileReference; fileEncoding = 4; lastKnownFileType = text.json; path = stickerPacks.json; sourceTree = "<group>"; };
		2833B17A1DF4AE7F005F05F2 /* tg_1.png */ = {isa = PBXFileReference; lastKnownFileType = image.png; path = tg_1.png; sourceTree = "<group>"; };
		2833B17B1DF4AE7F005F05F2 /* tg_2.png */ = {isa = PBXFileReference; lastKnownFileType = image.png; path = tg_2.png; sourceTree = "<group>"; };
		2833B17C1DF4AE7F005F05F2 /* tg_3.png */ = {isa = PBXFileReference; lastKnownFileType = image.png; path = tg_3.png; sourceTree = "<group>"; };
		2833B17D1DF4AE7F005F05F2 /* tg_4.png */ = {isa = PBXFileReference; lastKnownFileType = image.png; path = tg_4.png; sourceTree = "<group>"; };
		2833B17E1DF4AE7F005F05F2 /* tg_5.png */ = {isa = PBXFileReference; lastKnownFileType = image.png; path = tg_5.png; sourceTree = "<group>"; };
		2833B17F1DF4AE7F005F05F2 /* tg_6.png */ = {isa = PBXFileReference; lastKnownFileType = image.png; path = tg_6.png; sourceTree = "<group>"; };
		2833B1801DF4AE7F005F05F2 /* wt_1.png */ = {isa = PBXFileReference; lastKnownFileType = image.png; path = wt_1.png; sourceTree = "<group>"; };
		2833B1811DF4AE7F005F05F2 /* wt_2.png */ = {isa = PBXFileReference; lastKnownFileType = image.png; path = wt_2.png; sourceTree = "<group>"; };
		2833B1821DF4AE7F005F05F2 /* wt_3.png */ = {isa = PBXFileReference; lastKnownFileType = image.png; path = wt_3.png; sourceTree = "<group>"; };
		2833B1831DF4AE7F005F05F2 /* wt_4.png */ = {isa = PBXFileReference; lastKnownFileType = image.png; path = wt_4.png; sourceTree = "<group>"; };
		2833B1841DF4AE7F005F05F2 /* wt_5.png */ = {isa = PBXFileReference; lastKnownFileType = image.png; path = wt_5.png; sourceTree = "<group>"; };
		2833B1851DF4AE7F005F05F2 /* wt_6.png */ = {isa = PBXFileReference; lastKnownFileType = image.png; path = wt_6.png; sourceTree = "<group>"; };
		2833B1941DF4C0E0005F05F2 /* StickerPackInfo.h */ = {isa = PBXFileReference; fileEncoding = 4; lastKnownFileType = sourcecode.c.h; path = StickerPackInfo.h; sourceTree = "<group>"; };
		2833B1951DF4C0E0005F05F2 /* StickerPackInfo.m */ = {isa = PBXFileReference; fileEncoding = 4; lastKnownFileType = sourcecode.c.objc; path = StickerPackInfo.m; sourceTree = "<group>"; };
		2833B1B31DF5079D005F05F2 /* fc_1.png */ = {isa = PBXFileReference; lastKnownFileType = image.png; path = fc_1.png; sourceTree = "<group>"; };
		2833B1B41DF5079D005F05F2 /* fc_2.png */ = {isa = PBXFileReference; lastKnownFileType = image.png; path = fc_2.png; sourceTree = "<group>"; };
		2833B1B51DF5079D005F05F2 /* fc_3.png */ = {isa = PBXFileReference; lastKnownFileType = image.png; path = fc_3.png; sourceTree = "<group>"; };
		2833B1B61DF5079D005F05F2 /* fc_4.png */ = {isa = PBXFileReference; lastKnownFileType = image.png; path = fc_4.png; sourceTree = "<group>"; };
		2833B1B71DF5079D005F05F2 /* fc_5.png */ = {isa = PBXFileReference; lastKnownFileType = image.png; path = fc_5.png; sourceTree = "<group>"; };
		2833B1B81DF5079D005F05F2 /* fc_6.png */ = {isa = PBXFileReference; lastKnownFileType = image.png; path = fc_6.png; sourceTree = "<group>"; };
		2833B1B91DF5079D005F05F2 /* fc_7.png */ = {isa = PBXFileReference; lastKnownFileType = image.png; path = fc_7.png; sourceTree = "<group>"; };
		2833B1BA1DF5079D005F05F2 /* fc_8.png */ = {isa = PBXFileReference; lastKnownFileType = image.png; path = fc_8.png; sourceTree = "<group>"; };
		2833B1BB1DF5079D005F05F2 /* fc_9.png */ = {isa = PBXFileReference; lastKnownFileType = image.png; path = fc_9.png; sourceTree = "<group>"; };
		2833B1BC1DF5079D005F05F2 /* fc_10.png */ = {isa = PBXFileReference; lastKnownFileType = image.png; path = fc_10.png; sourceTree = "<group>"; };
		2833B1BD1DF5079D005F05F2 /* fc_11.png */ = {isa = PBXFileReference; lastKnownFileType = image.png; path = fc_11.png; sourceTree = "<group>"; };
		2833B1BE1DF5079D005F05F2 /* fc_12.png */ = {isa = PBXFileReference; lastKnownFileType = image.png; path = fc_12.png; sourceTree = "<group>"; };
		28AE8DD31DFD1BBD002CB4A3 /* FeedbackTextFieldDelegate.h */ = {isa = PBXFileReference; fileEncoding = 4; lastKnownFileType = sourcecode.c.h; path = FeedbackTextFieldDelegate.h; sourceTree = "<group>"; };
		28AE8DD41DFD1BBD002CB4A3 /* FeedbackTextFieldDelegate.m */ = {isa = PBXFileReference; fileEncoding = 4; lastKnownFileType = sourcecode.c.objc; path = FeedbackTextFieldDelegate.m; sourceTree = "<group>"; };
		28AE8DD71DFDA422002CB4A3 /* about.txt */ = {isa = PBXFileReference; fileEncoding = 4; lastKnownFileType = text; path = about.txt; sourceTree = "<group>"; };
		28AE8DD91DFDA4E7002CB4A3 /* openSourceCredit.txt */ = {isa = PBXFileReference; fileEncoding = 4; lastKnownFileType = text; path = openSourceCredit.txt; sourceTree = "<group>"; };
		28C8E0E31DFB93C200769784 /* newPacks.json */ = {isa = PBXFileReference; fileEncoding = 4; lastKnownFileType = text.json; path = newPacks.json; sourceTree = "<group>"; };
		28F115CF1E088BED00C62F8E /* Settings.bundle */ = {isa = PBXFileReference; lastKnownFileType = "wrapper.plug-in"; path = Settings.bundle; sourceTree = "<group>"; };
		28F618671DF7C1160052E4A2 /* Constants.h */ = {isa = PBXFileReference; lastKnownFileType = sourcecode.c.h; path = Constants.h; sourceTree = "<group>"; };
		AE907E0A1E0DDC6600AB9B33 /* wta_1_anim_opt.png */ = {isa = PBXFileReference; lastKnownFileType = image.png; path = wta_1_anim_opt.png; sourceTree = "<group>"; };
		AE907E0B1E0DDC6600AB9B33 /* wta_2_anim_opt.png */ = {isa = PBXFileReference; lastKnownFileType = image.png; path = wta_2_anim_opt.png; sourceTree = "<group>"; };
		AEA3CFE31E0DB76A00EF1D46 /* wt_4_anim.png */ = {isa = PBXFileReference; lastKnownFileType = image.png; path = wt_4_anim.png; sourceTree = "<group>"; };
/* End PBXFileReference section */

/* Begin PBXFrameworksBuildPhase section */
		2833B14C1DF4A0E4005F05F2 /* Frameworks */ = {
			isa = PBXFrameworksBuildPhase;
			buildActionMask = 2147483647;
			files = (
				2833B1551DF4A0E4005F05F2 /* Messages.framework in Frameworks */,
			);
			runOnlyForDeploymentPostprocessing = 0;
		};
/* End PBXFrameworksBuildPhase section */

/* Begin PBXGroup section */
		2833B13E1DF4A0E3005F05F2 = {
			isa = PBXGroup;
			children = (
				2833B1471DF4A0E3005F05F2 /* Fluffcorn */,
				2833B1561DF4A0E4005F05F2 /* MessagesExtension */,
				2833B1531DF4A0E4005F05F2 /* Frameworks */,
				2833B1461DF4A0E3005F05F2 /* Products */,
			);
			sourceTree = "<group>";
		};
		2833B1461DF4A0E3005F05F2 /* Products */ = {
			isa = PBXGroup;
			children = (
				2833B1451DF4A0E3005F05F2 /* Fluffcorn.app */,
				2833B14F1DF4A0E4005F05F2 /* MessagesExtension.appex */,
			);
			name = Products;
			sourceTree = "<group>";
		};
		2833B1471DF4A0E3005F05F2 /* Fluffcorn */ = {
			isa = PBXGroup;
			children = (
				2833B1481DF4A0E3005F05F2 /* Assets.xcassets */,
				2833B14A1DF4A0E3005F05F2 /* Info.plist */,
			);
			path = Fluffcorn;
			sourceTree = "<group>";
		};
		2833B1531DF4A0E4005F05F2 /* Frameworks */ = {
			isa = PBXGroup;
			children = (
				2833B1541DF4A0E4005F05F2 /* Messages.framework */,
			);
			name = Frameworks;
			sourceTree = "<group>";
		};
		2833B1561DF4A0E4005F05F2 /* MessagesExtension */ = {
			isa = PBXGroup;
			children = (
				28F618671DF7C1160052E4A2 /* Constants.h */,
				2833B1571DF4A0E4005F05F2 /* MessagesViewController.h */,
				2833B1581DF4A0E4005F05F2 /* MessagesViewController.m */,
				2833B1691DF4A277005F05F2 /* FluffcornStickerBrowserViewController.h */,
				2833B16A1DF4A277005F05F2 /* FluffcornStickerBrowserViewController.m */,
				2833B1941DF4C0E0005F05F2 /* StickerPackInfo.h */,
				2833B1951DF4C0E0005F05F2 /* StickerPackInfo.m */,
				28AE8DD31DFD1BBD002CB4A3 /* FeedbackTextFieldDelegate.h */,
				28AE8DD41DFD1BBD002CB4A3 /* FeedbackTextFieldDelegate.m */,
				2833B15A1DF4A0E4005F05F2 /* MainInterface.storyboard */,
				2833B15D1DF4A0E4005F05F2 /* Assets.xcassets */,
				2833B15F1DF4A0E4005F05F2 /* Info.plist */,
				2833B1781DF4AC8F005F05F2 /* stickerPacks.json */,
				28C8E0E31DFB93C200769784 /* newPacks.json */,
				28AE8DD71DFDA422002CB4A3 /* about.txt */,
				28AE8DD91DFDA4E7002CB4A3 /* openSourceCredit.txt */,
				28AE8DD61DFD8CCE002CB4A3 /* Art Assets */,
				28F115CF1E088BED00C62F8E /* Settings.bundle */,
			);
			path = MessagesExtension;
			sourceTree = "<group>";
		};
		2833B1AF1DF50588005F05F2 /* Original */ = {
			isa = PBXGroup;
			children = (
				2833B1B31DF5079D005F05F2 /* fc_1.png */,
				2833B1B41DF5079D005F05F2 /* fc_2.png */,
				2833B1B51DF5079D005F05F2 /* fc_3.png */,
				2833B1B61DF5079D005F05F2 /* fc_4.png */,
				2833B1B71DF5079D005F05F2 /* fc_5.png */,
				2833B1B81DF5079D005F05F2 /* fc_6.png */,
				2833B1B91DF5079D005F05F2 /* fc_7.png */,
				2833B1BA1DF5079D005F05F2 /* fc_8.png */,
				2833B1BB1DF5079D005F05F2 /* fc_9.png */,
				2833B1BC1DF5079D005F05F2 /* fc_10.png */,
				2833B1BD1DF5079D005F05F2 /* fc_11.png */,
				2833B1BE1DF5079D005F05F2 /* fc_12.png */,
			);
			name = Original;
			sourceTree = "<group>";
		};
		2833B1B01DF505A0005F05F2 /* Thanksgiving */ = {
			isa = PBXGroup;
			children = (
				2833B17A1DF4AE7F005F05F2 /* tg_1.png */,
				2833B17B1DF4AE7F005F05F2 /* tg_2.png */,
				2833B17C1DF4AE7F005F05F2 /* tg_3.png */,
				2833B17D1DF4AE7F005F05F2 /* tg_4.png */,
				2833B17E1DF4AE7F005F05F2 /* tg_5.png */,
				2833B17F1DF4AE7F005F05F2 /* tg_6.png */,
			);
			name = Thanksgiving;
			sourceTree = "<group>";
		};
		2833B1B11DF505AA005F05F2 /* Winter */ = {
			isa = PBXGroup;
			children = (
				AE907E0A1E0DDC6600AB9B33 /* wta_1_anim_opt.png */,
				AE907E0B1E0DDC6600AB9B33 /* wta_2_anim_opt.png */,
				2833B1801DF4AE7F005F05F2 /* wt_1.png */,
				2833B1811DF4AE7F005F05F2 /* wt_2.png */,
				2833B1821DF4AE7F005F05F2 /* wt_3.png */,
				AEA3CFE31E0DB76A00EF1D46 /* wt_4_anim.png */,
				2833B1831DF4AE7F005F05F2 /* wt_4.png */,
				2833B1841DF4AE7F005F05F2 /* wt_5.png */,
				2833B1851DF4AE7F005F05F2 /* wt_6.png */,
			);
			name = Winter;
			sourceTree = "<group>";
		};
		2833B1B21DF505DA005F05F2 /* Holiday */ = {
			isa = PBXGroup;
			children = (
				2833B1B01DF505A0005F05F2 /* Thanksgiving */,
				2833B1B11DF505AA005F05F2 /* Winter */,
			);
			name = Holiday;
			sourceTree = "<group>";
		};
		28AE8DD61DFD8CCE002CB4A3 /* Art Assets */ = {
			isa = PBXGroup;
			children = (
				2833B1AF1DF50588005F05F2 /* Original */,
				2833B1B21DF505DA005F05F2 /* Holiday */,
			);
			name = "Art Assets";
			sourceTree = "<group>";
		};
/* End PBXGroup section */

/* Begin PBXNativeTarget section */
		2833B1441DF4A0E3005F05F2 /* Fluffcorn */ = {
			isa = PBXNativeTarget;
			buildConfigurationList = 2833B1661DF4A0E4005F05F2 /* Build configuration list for PBXNativeTarget "Fluffcorn" */;
			buildPhases = (
				2833B1431DF4A0E3005F05F2 /* Resources */,
				2833B1651DF4A0E4005F05F2 /* Embed App Extensions */,
			);
			buildRules = (
			);
			dependencies = (
				2833B1521DF4A0E4005F05F2 /* PBXTargetDependency */,
			);
			name = Fluffcorn;
			productName = Fluffcorn;
			productReference = 2833B1451DF4A0E3005F05F2 /* Fluffcorn.app */;
			productType = "com.apple.product-type.application.messages";
		};
		2833B14E1DF4A0E4005F05F2 /* MessagesExtension */ = {
			isa = PBXNativeTarget;
			buildConfigurationList = 2833B1621DF4A0E4005F05F2 /* Build configuration list for PBXNativeTarget "MessagesExtension" */;
			buildPhases = (
				2833B14B1DF4A0E4005F05F2 /* Sources */,
				2833B14C1DF4A0E4005F05F2 /* Frameworks */,
				2833B14D1DF4A0E4005F05F2 /* Resources */,
			);
			buildRules = (
			);
			dependencies = (
			);
			name = MessagesExtension;
			productName = MessagesExtension;
			productReference = 2833B14F1DF4A0E4005F05F2 /* MessagesExtension.appex */;
			productType = "com.apple.product-type.app-extension.messages";
		};
/* End PBXNativeTarget section */

/* Begin PBXProject section */
		2833B13F1DF4A0E3005F05F2 /* Project object */ = {
			isa = PBXProject;
			attributes = {
				LastUpgradeCheck = 0820;
				ORGANIZATIONNAME = "Anson Liu";
				TargetAttributes = {
					2833B1441DF4A0E3005F05F2 = {
						CreatedOnToolsVersion = 8.0;
						DevelopmentTeam = 3E2UWZ76C2;
						ProvisioningStyle = Automatic;
					};
					2833B14E1DF4A0E4005F05F2 = {
						CreatedOnToolsVersion = 8.0;
						DevelopmentTeam = VV45364L3K;
						ProvisioningStyle = Automatic;
					};
				};
			};
			buildConfigurationList = 2833B1421DF4A0E3005F05F2 /* Build configuration list for PBXProject "Fluffcorn" */;
			compatibilityVersion = "Xcode 3.2";
			developmentRegion = English;
			hasScannedForEncodings = 0;
			knownRegions = (
				en,
				Base,
			);
			mainGroup = 2833B13E1DF4A0E3005F05F2;
			productRefGroup = 2833B1461DF4A0E3005F05F2 /* Products */;
			projectDirPath = "";
			projectRoot = "";
			targets = (
				2833B1441DF4A0E3005F05F2 /* Fluffcorn */,
				2833B14E1DF4A0E4005F05F2 /* MessagesExtension */,
			);
		};
/* End PBXProject section */

/* Begin PBXResourcesBuildPhase section */
		2833B1431DF4A0E3005F05F2 /* Resources */ = {
			isa = PBXResourcesBuildPhase;
			buildActionMask = 2147483647;
			files = (
				2833B1491DF4A0E3005F05F2 /* Assets.xcassets in Resources */,
			);
			runOnlyForDeploymentPostprocessing = 0;
		};
		2833B14D1DF4A0E4005F05F2 /* Resources */ = {
			isa = PBXResourcesBuildPhase;
			buildActionMask = 2147483647;
			files = (
				2833B1C01DF5079D005F05F2 /* fc_2.png in Resources */,
				2833B15E1DF4A0E4005F05F2 /* Assets.xcassets in Resources */,
				28AE8DD81DFDA422002CB4A3 /* about.txt in Resources */,
				2833B1C11DF5079D005F05F2 /* fc_3.png in Resources */,
				2833B1891DF4AE7F005F05F2 /* tg_4.png in Resources */,
				28AE8DDA1DFDA4E7002CB4A3 /* openSourceCredit.txt in Resources */,
				2833B18B1DF4AE7F005F05F2 /* tg_6.png in Resources */,
				2833B18A1DF4AE7F005F05F2 /* tg_5.png in Resources */,
				2833B1BF1DF5079D005F05F2 /* fc_1.png in Resources */,
				2833B1871DF4AE7F005F05F2 /* tg_2.png in Resources */,
				2833B1C91DF5079D005F05F2 /* fc_11.png in Resources */,
				2833B1C41DF5079D005F05F2 /* fc_6.png in Resources */,
				2833B1881DF4AE7F005F05F2 /* tg_3.png in Resources */,
				2833B18C1DF4AE7F005F05F2 /* wt_1.png in Resources */,
				2833B1791DF4AC8F005F05F2 /* stickerPacks.json in Resources */,
				2833B18F1DF4AE7F005F05F2 /* wt_4.png in Resources */,
				2833B1C21DF5079D005F05F2 /* fc_4.png in Resources */,
				2833B18E1DF4AE7F005F05F2 /* wt_3.png in Resources */,
				2833B1C81DF5079D005F05F2 /* fc_10.png in Resources */,
				2833B1861DF4AE7F005F05F2 /* tg_1.png in Resources */,
				2833B1911DF4AE7F005F05F2 /* wt_6.png in Resources */,
				2833B1C31DF5079D005F05F2 /* fc_5.png in Resources */,
				2833B1C61DF5079D005F05F2 /* fc_8.png in Resources */,
				AE907E0C1E0DDC6600AB9B33 /* wta_1_anim_opt.png in Resources */,
				2833B1CA1DF5079D005F05F2 /* fc_12.png in Resources */,
				AE907E0D1E0DDC6600AB9B33 /* wta_2_anim_opt.png in Resources */,
				2833B1C51DF5079D005F05F2 /* fc_7.png in Resources */,
				2833B1C71DF5079D005F05F2 /* fc_9.png in Resources */,
				AE907E091E0DD86300AB9B33 /* wt_4_anim.png in Resources */,
				2833B15C1DF4A0E4005F05F2 /* MainInterface.storyboard in Resources */,
				28C8E0E41DFB93C200769784 /* newPacks.json in Resources */,
				2833B1901DF4AE7F005F05F2 /* wt_5.png in Resources */,
				2833B18D1DF4AE7F005F05F2 /* wt_2.png in Resources */,
			);
			runOnlyForDeploymentPostprocessing = 0;
		};
/* End PBXResourcesBuildPhase section */

/* Begin PBXSourcesBuildPhase section */
		2833B14B1DF4A0E4005F05F2 /* Sources */ = {
			isa = PBXSourcesBuildPhase;
			buildActionMask = 2147483647;
			files = (
				2833B1961DF4C0E0005F05F2 /* StickerPackInfo.m in Sources */,
				2833B1591DF4A0E4005F05F2 /* MessagesViewController.m in Sources */,
				28AE8DD51DFD1BBD002CB4A3 /* FeedbackTextFieldDelegate.m in Sources */,
				2833B16B1DF4A277005F05F2 /* FluffcornStickerBrowserViewController.m in Sources */,
			);
			runOnlyForDeploymentPostprocessing = 0;
		};
/* End PBXSourcesBuildPhase section */

/* Begin PBXTargetDependency section */
		2833B1521DF4A0E4005F05F2 /* PBXTargetDependency */ = {
			isa = PBXTargetDependency;
			target = 2833B14E1DF4A0E4005F05F2 /* MessagesExtension */;
			targetProxy = 2833B1511DF4A0E4005F05F2 /* PBXContainerItemProxy */;
		};
/* End PBXTargetDependency section */

/* Begin PBXVariantGroup section */
		2833B15A1DF4A0E4005F05F2 /* MainInterface.storyboard */ = {
			isa = PBXVariantGroup;
			children = (
				2833B15B1DF4A0E4005F05F2 /* Base */,
			);
			name = MainInterface.storyboard;
			sourceTree = "<group>";
		};
/* End PBXVariantGroup section */

/* Begin XCBuildConfiguration section */
		2833B1601DF4A0E4005F05F2 /* Debug */ = {
			isa = XCBuildConfiguration;
			buildSettings = {
				ALWAYS_SEARCH_USER_PATHS = NO;
				CLANG_ANALYZER_NONNULL = YES;
				CLANG_CXX_LANGUAGE_STANDARD = "gnu++0x";
				CLANG_CXX_LIBRARY = "libc++";
				CLANG_ENABLE_MODULES = YES;
				CLANG_ENABLE_OBJC_ARC = YES;
				CLANG_WARN_BOOL_CONVERSION = YES;
				CLANG_WARN_CONSTANT_CONVERSION = YES;
				CLANG_WARN_DIRECT_OBJC_ISA_USAGE = YES_ERROR;
				CLANG_WARN_DOCUMENTATION_COMMENTS = YES;
				CLANG_WARN_EMPTY_BODY = YES;
				CLANG_WARN_ENUM_CONVERSION = YES;
				CLANG_WARN_INFINITE_RECURSION = YES;
				CLANG_WARN_INT_CONVERSION = YES;
				CLANG_WARN_OBJC_ROOT_CLASS = YES_ERROR;
				CLANG_WARN_SUSPICIOUS_MOVE = YES;
				CLANG_WARN_SUSPICIOUS_MOVES = YES;
				CLANG_WARN_UNREACHABLE_CODE = YES;
				CLANG_WARN__DUPLICATE_METHOD_MATCH = YES;
				"CODE_SIGN_IDENTITY[sdk=iphoneos*]" = "iPhone Developer";
				COPY_PHASE_STRIP = NO;
				DEBUG_INFORMATION_FORMAT = dwarf;
				ENABLE_STRICT_OBJC_MSGSEND = YES;
				ENABLE_TESTABILITY = YES;
				GCC_C_LANGUAGE_STANDARD = gnu99;
				GCC_DYNAMIC_NO_PIC = NO;
				GCC_NO_COMMON_BLOCKS = YES;
				GCC_OPTIMIZATION_LEVEL = 0;
				GCC_PREPROCESSOR_DEFINITIONS = (
					"DEBUG=1",
					"$(inherited)",
				);
				GCC_WARN_64_TO_32_BIT_CONVERSION = YES;
				GCC_WARN_ABOUT_RETURN_TYPE = YES_ERROR;
				GCC_WARN_UNDECLARED_SELECTOR = YES;
				GCC_WARN_UNINITIALIZED_AUTOS = YES_AGGRESSIVE;
				GCC_WARN_UNUSED_FUNCTION = YES;
				GCC_WARN_UNUSED_VARIABLE = YES;
				IPHONEOS_DEPLOYMENT_TARGET = 10.0;
				MTL_ENABLE_DEBUG_INFO = YES;
				ONLY_ACTIVE_ARCH = YES;
				SDKROOT = iphoneos;
			};
			name = Debug;
		};
		2833B1611DF4A0E4005F05F2 /* Release */ = {
			isa = XCBuildConfiguration;
			buildSettings = {
				ALWAYS_SEARCH_USER_PATHS = NO;
				CLANG_ANALYZER_NONNULL = YES;
				CLANG_CXX_LANGUAGE_STANDARD = "gnu++0x";
				CLANG_CXX_LIBRARY = "libc++";
				CLANG_ENABLE_MODULES = YES;
				CLANG_ENABLE_OBJC_ARC = YES;
				CLANG_WARN_BOOL_CONVERSION = YES;
				CLANG_WARN_CONSTANT_CONVERSION = YES;
				CLANG_WARN_DIRECT_OBJC_ISA_USAGE = YES_ERROR;
				CLANG_WARN_DOCUMENTATION_COMMENTS = YES;
				CLANG_WARN_EMPTY_BODY = YES;
				CLANG_WARN_ENUM_CONVERSION = YES;
				CLANG_WARN_INFINITE_RECURSION = YES;
				CLANG_WARN_INT_CONVERSION = YES;
				CLANG_WARN_OBJC_ROOT_CLASS = YES_ERROR;
				CLANG_WARN_SUSPICIOUS_MOVE = YES;
				CLANG_WARN_SUSPICIOUS_MOVES = YES;
				CLANG_WARN_UNREACHABLE_CODE = YES;
				CLANG_WARN__DUPLICATE_METHOD_MATCH = YES;
				"CODE_SIGN_IDENTITY[sdk=iphoneos*]" = "iPhone Developer";
				COPY_PHASE_STRIP = NO;
				DEBUG_INFORMATION_FORMAT = "dwarf-with-dsym";
				ENABLE_NS_ASSERTIONS = NO;
				ENABLE_STRICT_OBJC_MSGSEND = YES;
				GCC_C_LANGUAGE_STANDARD = gnu99;
				GCC_NO_COMMON_BLOCKS = YES;
				GCC_WARN_64_TO_32_BIT_CONVERSION = YES;
				GCC_WARN_ABOUT_RETURN_TYPE = YES_ERROR;
				GCC_WARN_UNDECLARED_SELECTOR = YES;
				GCC_WARN_UNINITIALIZED_AUTOS = YES_AGGRESSIVE;
				GCC_WARN_UNUSED_FUNCTION = YES;
				GCC_WARN_UNUSED_VARIABLE = YES;
				IPHONEOS_DEPLOYMENT_TARGET = 10.0;
				MTL_ENABLE_DEBUG_INFO = NO;
				SDKROOT = iphoneos;
				VALIDATE_PRODUCT = YES;
			};
			name = Release;
		};
		2833B1631DF4A0E4005F05F2 /* Debug */ = {
			isa = XCBuildConfiguration;
			buildSettings = {
				ASSETCATALOG_COMPILER_APPICON_NAME = "iMessage App Icon";
				DEVELOPMENT_TEAM = VV45364L3K;
				INFOPLIST_FILE = MessagesExtension/Info.plist;
				IPHONEOS_DEPLOYMENT_TARGET = 10.0;
				LD_RUNPATH_SEARCH_PATHS = "$(inherited) @executable_path/Frameworks @executable_path/../../Frameworks";
				PRODUCT_BUNDLE_IDENTIFIER = com.ansonliu.llamacorn.StickerPackExtension;
				PRODUCT_NAME = "$(TARGET_NAME)";
				SKIP_INSTALL = YES;
				TARGETED_DEVICE_FAMILY = "1,2";
			};
			name = Debug;
		};
		2833B1641DF4A0E4005F05F2 /* Release */ = {
			isa = XCBuildConfiguration;
			buildSettings = {
				ASSETCATALOG_COMPILER_APPICON_NAME = "iMessage App Icon";
				DEVELOPMENT_TEAM = VV45364L3K;
				INFOPLIST_FILE = MessagesExtension/Info.plist;
				IPHONEOS_DEPLOYMENT_TARGET = 10.0;
				LD_RUNPATH_SEARCH_PATHS = "$(inherited) @executable_path/Frameworks @executable_path/../../Frameworks";
				PRODUCT_BUNDLE_IDENTIFIER = com.ansonliu.llamacorn.StickerPackExtension;
				PRODUCT_NAME = "$(TARGET_NAME)";
				SKIP_INSTALL = YES;
				TARGETED_DEVICE_FAMILY = "1,2";
			};
			name = Release;
		};
		2833B1671DF4A0E4005F05F2 /* Debug */ = {
			isa = XCBuildConfiguration;
			buildSettings = {
				ASSETCATALOG_COMPILER_APPICON_NAME = AppIcon;
				DEVELOPMENT_TEAM = 3E2UWZ76C2;
				INFOPLIST_FILE = Fluffcorn/Info.plist;
				IPHONEOS_DEPLOYMENT_TARGET = 10.0;
				PRODUCT_BUNDLE_IDENTIFIER = com.ansonliu.llamacorn;
				PRODUCT_NAME = "$(TARGET_NAME)";
				TARGETED_DEVICE_FAMILY = "1,2";
			};
			name = Debug;
		};
		2833B1681DF4A0E4005F05F2 /* Release */ = {
			isa = XCBuildConfiguration;
			buildSettings = {
				ASSETCATALOG_COMPILER_APPICON_NAME = AppIcon;
				DEVELOPMENT_TEAM = 3E2UWZ76C2;
				INFOPLIST_FILE = Fluffcorn/Info.plist;
				IPHONEOS_DEPLOYMENT_TARGET = 10.0;
				PRODUCT_BUNDLE_IDENTIFIER = com.ansonliu.llamacorn;
				PRODUCT_NAME = "$(TARGET_NAME)";
				TARGETED_DEVICE_FAMILY = "1,2";
			};
			name = Release;
		};
/* End XCBuildConfiguration section */

/* Begin XCConfigurationList section */
		2833B1421DF4A0E3005F05F2 /* Build configuration list for PBXProject "Fluffcorn" */ = {
			isa = XCConfigurationList;
			buildConfigurations = (
				2833B1601DF4A0E4005F05F2 /* Debug */,
				2833B1611DF4A0E4005F05F2 /* Release */,
			);
			defaultConfigurationIsVisible = 0;
			defaultConfigurationName = Release;
		};
		2833B1621DF4A0E4005F05F2 /* Build configuration list for PBXNativeTarget "MessagesExtension" */ = {
			isa = XCConfigurationList;
			buildConfigurations = (
				2833B1631DF4A0E4005F05F2 /* Debug */,
				2833B1641DF4A0E4005F05F2 /* Release */,
			);
			defaultConfigurationIsVisible = 0;
			defaultConfigurationName = Release;
		};
		2833B1661DF4A0E4005F05F2 /* Build configuration list for PBXNativeTarget "Fluffcorn" */ = {
			isa = XCConfigurationList;
			buildConfigurations = (
				2833B1671DF4A0E4005F05F2 /* Debug */,
				2833B1681DF4A0E4005F05F2 /* Release */,
			);
			defaultConfigurationIsVisible = 0;
			defaultConfigurationName = Release;
		};
/* End XCConfigurationList section */
	};
	rootObject = 2833B13F1DF4A0E3005F05F2 /* Project object */;
}
